// !$*UTF8*$!
{
	archiveVersion = 1;
	classes = {
	};
	objectVersion = 46;
	objects = {

/* Begin PBXBuildFile section */
		6BEC32C81C953D740006329E /* AppDelegate.swift in Sources */ = {isa = PBXBuildFile; fileRef = 6BEC32C71C953D740006329E /* AppDelegate.swift */; };
		6BEC32CA1C953D740006329E /* ViewController.swift in Sources */ = {isa = PBXBuildFile; fileRef = 6BEC32C91C953D740006329E /* ViewController.swift */; };
		6BEC32CD1C953D740006329E /* Main.storyboard in Resources */ = {isa = PBXBuildFile; fileRef = 6BEC32CB1C953D740006329E /* Main.storyboard */; };
		6BEC32CF1C953D740006329E /* Assets.xcassets in Resources */ = {isa = PBXBuildFile; fileRef = 6BEC32CE1C953D740006329E /* Assets.xcassets */; };
		6BEC32D21C953D740006329E /* LaunchScreen.storyboard in Resources */ = {isa = PBXBuildFile; fileRef = 6BEC32D01C953D740006329E /* LaunchScreen.storyboard */; };
		6BEC32DD1C953D740006329E /* TableViewBadPerformanceSampleTests.swift in Sources */ = {isa = PBXBuildFile; fileRef = 6BEC32DC1C953D740006329E /* TableViewBadPerformanceSampleTests.swift */; };
		6BEC32E81C953D740006329E /* TableViewBadPerformanceSampleUITests.swift in Sources */ = {isa = PBXBuildFile; fileRef = 6BEC32E71C953D740006329E /* TableViewBadPerformanceSampleUITests.swift */; };
		6BEC32F61C953DF00006329E /* TableViewController.swift in Sources */ = {isa = PBXBuildFile; fileRef = 6BEC32F51C953DF00006329E /* TableViewController.swift */; };
/* End PBXBuildFile section */

/* Begin PBXContainerItemProxy section */
		6BEC32D91C953D740006329E /* PBXContainerItemProxy */ = {
			isa = PBXContainerItemProxy;
			containerPortal = 6BEC32BC1C953D740006329E /* Project object */;
			proxyType = 1;
			remoteGlobalIDString = 6BEC32C31C953D740006329E;
			remoteInfo = TableViewBadPerformanceSample;
		};
		6BEC32E41C953D740006329E /* PBXContainerItemProxy */ = {
			isa = PBXContainerItemProxy;
			containerPortal = 6BEC32BC1C953D740006329E /* Project object */;
			proxyType = 1;
			remoteGlobalIDString = 6BEC32C31C953D740006329E;
			remoteInfo = TableViewBadPerformanceSample;
		};
/* End PBXContainerItemProxy section */

/* Begin PBXFileReference section */
		6BEC32C41C953D740006329E /* TableViewBadPerformanceSample.app */ = {isa = PBXFileReference; explicitFileType = wrapper.application; includeInIndex = 0; path = TableViewBadPerformanceSample.app; sourceTree = BUILT_PRODUCTS_DIR; };
		6BEC32C71C953D740006329E /* AppDelegate.swift */ = {isa = PBXFileReference; lastKnownFileType = sourcecode.swift; path = AppDelegate.swift; sourceTree = "<group>"; };
		6BEC32C91C953D740006329E /* ViewController.swift */ = {isa = PBXFileReference; lastKnownFileType = sourcecode.swift; path = ViewController.swift; sourceTree = "<group>"; };
		6BEC32CC1C953D740006329E /* Base */ = {isa = PBXFileReference; lastKnownFileType = file.storyboard; name = Base; path = Base.lproj/Main.storyboard; sourceTree = "<group>"; };
		6BEC32CE1C953D740006329E /* Assets.xcassets */ = {isa = PBXFileReference; lastKnownFileType = folder.assetcatalog; path = Assets.xcassets; sourceTree = "<group>"; };
		6BEC32D11C953D740006329E /* Base */ = {isa = PBXFileReference; lastKnownFileType = file.storyboard; name = Base; path = Base.lproj/LaunchScreen.storyboard; sourceTree = "<group>"; };
		6BEC32D31C953D740006329E /* Info.plist */ = {isa = PBXFileReference; lastKnownFileType = text.plist.xml; path = Info.plist; sourceTree = "<group>"; };
		6BEC32D81C953D740006329E /* TableViewBadPerformanceSampleTests.xctest */ = {isa = PBXFileReference; explicitFileType = wrapper.cfbundle; includeInIndex = 0; path = TableViewBadPerformanceSampleTests.xctest; sourceTree = BUILT_PRODUCTS_DIR; };
		6BEC32DC1C953D740006329E /* TableViewBadPerformanceSampleTests.swift */ = {isa = PBXFileReference; lastKnownFileType = sourcecode.swift; path = TableViewBadPerformanceSampleTests.swift; sourceTree = "<group>"; };
		6BEC32DE1C953D740006329E /* Info.plist */ = {isa = PBXFileReference; lastKnownFileType = text.plist.xml; path = Info.plist; sourceTree = "<group>"; };
		6BEC32E31C953D740006329E /* TableViewBadPerformanceSampleUITests.xctest */ = {isa = PBXFileReference; explicitFileType = wrapper.cfbundle; includeInIndex = 0; path = TableViewBadPerformanceSampleUITests.xctest; sourceTree = BUILT_PRODUCTS_DIR; };
		6BEC32E71C953D740006329E /* TableViewBadPerformanceSampleUITests.swift */ = {isa = PBXFileReference; lastKnownFileType = sourcecode.swift; path = TableViewBadPerformanceSampleUITests.swift; sourceTree = "<group>"; };
		6BEC32E91C953D740006329E /* Info.plist */ = {isa = PBXFileReference; lastKnownFileType = text.plist.xml; path = Info.plist; sourceTree = "<group>"; };
		6BEC32F51C953DF00006329E /* TableViewController.swift */ = {isa = PBXFileReference; fileEncoding = 4; lastKnownFileType = sourcecode.swift; path = TableViewController.swift; sourceTree = "<group>"; };
/* End PBXFileReference section */

/* Begin PBXFrameworksBuildPhase section */
		6BEC32C11C953D740006329E /* Frameworks */ = {
			isa = PBXFrameworksBuildPhase;
			buildActionMask = 2147483647;
			files = (
			);
			runOnlyForDeploymentPostprocessing = 0;
		};
		6BEC32D51C953D740006329E /* Frameworks */ = {
			isa = PBXFrameworksBuildPhase;
			buildActionMask = 2147483647;
			files = (
			);
			runOnlyForDeploymentPostprocessing = 0;
		};
		6BEC32E01C953D740006329E /* Frameworks */ = {
			isa = PBXFrameworksBuildPhase;
			buildActionMask = 2147483647;
			files = (
			);
			runOnlyForDeploymentPostprocessing = 0;
		};
/* End PBXFrameworksBuildPhase section */

/* Begin PBXGroup section */
		6BEC32BB1C953D740006329E = {
			isa = PBXGroup;
			children = (
				6BEC32C61C953D740006329E /* TableViewBadPerformanceSample */,
				6BEC32DB1C953D740006329E /* TableViewBadPerformanceSampleTests */,
				6BEC32E61C953D740006329E /* TableViewBadPerformanceSampleUITests */,
				6BEC32C51C953D740006329E /* Products */,
			);
			sourceTree = "<group>";
		};
		6BEC32C51C953D740006329E /* Products */ = {
			isa = PBXGroup;
			children = (
				6BEC32C41C953D740006329E /* TableViewBadPerformanceSample.app */,
				6BEC32D81C953D740006329E /* TableViewBadPerformanceSampleTests.xctest */,
				6BEC32E31C953D740006329E /* TableViewBadPerformanceSampleUITests.xctest */,
			);
			name = Products;
			sourceTree = "<group>";
		};
		6BEC32C61C953D740006329E /* TableViewBadPerformanceSample */ = {
			isa = PBXGroup;
			children = (
				6BEC32C71C953D740006329E /* AppDelegate.swift */,
				6BEC32C91C953D740006329E /* ViewController.swift */,
				6BEC32CB1C953D740006329E /* Main.storyboard */,
				6BEC32F51C953DF00006329E /* TableViewController.swift */,
				6BEC32CE1C953D740006329E /* Assets.xcassets */,
				6BEC32D01C953D740006329E /* LaunchScreen.storyboard */,
				6BEC32D31C953D740006329E /* Info.plist */,
			);
			path = TableViewBadPerformanceSample;
			sourceTree = "<group>";
		};
		6BEC32DB1C953D740006329E /* TableViewBadPerformanceSampleTests */ = {
			isa = PBXGroup;
			children = (
				6BEC32DC1C953D740006329E /* TableViewBadPerformanceSampleTests.swift */,
				6BEC32DE1C953D740006329E /* Info.plist */,
			);
			path = TableViewBadPerformanceSampleTests;
			sourceTree = "<group>";
		};
		6BEC32E61C953D740006329E /* TableViewBadPerformanceSampleUITests */ = {
			isa = PBXGroup;
			children = (
				6BEC32E71C953D740006329E /* TableViewBadPerformanceSampleUITests.swift */,
				6BEC32E91C953D740006329E /* Info.plist */,
			);
			path = TableViewBadPerformanceSampleUITests;
			sourceTree = "<group>";
		};
/* End PBXGroup section */

/* Begin PBXNativeTarget section */
		6BEC32C31C953D740006329E /* TableViewBadPerformanceSample */ = {
			isa = PBXNativeTarget;
			buildConfigurationList = 6BEC32EC1C953D740006329E /* Build configuration list for PBXNativeTarget "TableViewBadPerformanceSample" */;
			buildPhases = (
				6BEC32C01C953D740006329E /* Sources */,
				6BEC32C11C953D740006329E /* Frameworks */,
				6BEC32C21C953D740006329E /* Resources */,
			);
			buildRules = (
			);
			dependencies = (
			);
			name = TableViewBadPerformanceSample;
			productName = TableViewBadPerformanceSample;
			productReference = 6BEC32C41C953D740006329E /* TableViewBadPerformanceSample.app */;
			productType = "com.apple.product-type.application";
		};
		6BEC32D71C953D740006329E /* TableViewBadPerformanceSampleTests */ = {
			isa = PBXNativeTarget;
			buildConfigurationList = 6BEC32EF1C953D740006329E /* Build configuration list for PBXNativeTarget "TableViewBadPerformanceSampleTests" */;
			buildPhases = (
				6BEC32D41C953D740006329E /* Sources */,
				6BEC32D51C953D740006329E /* Frameworks */,
				6BEC32D61C953D740006329E /* Resources */,
			);
			buildRules = (
			);
			dependencies = (
				6BEC32DA1C953D740006329E /* PBXTargetDependency */,
			);
			name = TableViewBadPerformanceSampleTests;
			productName = TableViewBadPerformanceSampleTests;
			productReference = 6BEC32D81C953D740006329E /* TableViewBadPerformanceSampleTests.xctest */;
			productType = "com.apple.product-type.bundle.unit-test";
		};
		6BEC32E21C953D740006329E /* TableViewBadPerformanceSampleUITests */ = {
			isa = PBXNativeTarget;
			buildConfigurationList = 6BEC32F21C953D740006329E /* Build configuration list for PBXNativeTarget "TableViewBadPerformanceSampleUITests" */;
			buildPhases = (
				6BEC32DF1C953D740006329E /* Sources */,
				6BEC32E01C953D740006329E /* Frameworks */,
				6BEC32E11C953D740006329E /* Resources */,
			);
			buildRules = (
			);
			dependencies = (
				6BEC32E51C953D740006329E /* PBXTargetDependency */,
			);
			name = TableViewBadPerformanceSampleUITests;
			productName = TableViewBadPerformanceSampleUITests;
			productReference = 6BEC32E31C953D740006329E /* TableViewBadPerformanceSampleUITests.xctest */;
			productType = "com.apple.product-type.bundle.ui-testing";
		};
/* End PBXNativeTarget section */

/* Begin PBXProject section */
		6BEC32BC1C953D740006329E /* Project object */ = {
			isa = PBXProject;
			attributes = {
				LastSwiftUpdateCheck = 0730;
				LastUpgradeCheck = 0730;
				ORGANIZATIONNAME = larryhou;
				TargetAttributes = {
					6BEC32C31C953D740006329E = {
						CreatedOnToolsVersion = 7.3;
					};
					6BEC32D71C953D740006329E = {
						CreatedOnToolsVersion = 7.3;
						TestTargetID = 6BEC32C31C953D740006329E;
					};
					6BEC32E21C953D740006329E = {
						CreatedOnToolsVersion = 7.3;
						TestTargetID = 6BEC32C31C953D740006329E;
					};
				};
			};
			buildConfigurationList = 6BEC32BF1C953D740006329E /* Build configuration list for PBXProject "TableViewBadPerformanceSample" */;
			compatibilityVersion = "Xcode 3.2";
			developmentRegion = English;
			hasScannedForEncodings = 0;
			knownRegions = (
				en,
				Base,
			);
			mainGroup = 6BEC32BB1C953D740006329E;
			productRefGroup = 6BEC32C51C953D740006329E /* Products */;
			projectDirPath = "";
			projectRoot = "";
			targets = (
				6BEC32C31C953D740006329E /* TableViewBadPerformanceSample */,
				6BEC32D71C953D740006329E /* TableViewBadPerformanceSampleTests */,
				6BEC32E21C953D740006329E /* TableViewBadPerformanceSampleUITests */,
			);
		};
/* End PBXProject section */

/* Begin PBXResourcesBuildPhase section */
		6BEC32C21C953D740006329E /* Resources */ = {
			isa = PBXResourcesBuildPhase;
			buildActionMask = 2147483647;
			files = (
				6BEC32D21C953D740006329E /* LaunchScreen.storyboard in Resources */,
				6BEC32CF1C953D740006329E /* Assets.xcassets in Resources */,
				6BEC32CD1C953D740006329E /* Main.storyboard in Resources */,
			);
			runOnlyForDeploymentPostprocessing = 0;
		};
		6BEC32D61C953D740006329E /* Resources */ = {
			isa = PBXResourcesBuildPhase;
			buildActionMask = 2147483647;
			files = (
			);
			runOnlyForDeploymentPostprocessing = 0;
		};
		6BEC32E11C953D740006329E /* Resources */ = {
			isa = PBXResourcesBuildPhase;
			buildActionMask = 2147483647;
			files = (
			);
			runOnlyForDeploymentPostprocessing = 0;
		};
/* End PBXResourcesBuildPhase section */

/* Begin PBXSourcesBuildPhase section */
		6BEC32C01C953D740006329E /* Sources */ = {
			isa = PBXSourcesBuildPhase;
			buildActionMask = 2147483647;
			files = (
				6BEC32CA1C953D740006329E /* ViewController.swift in Sources */,
				6BEC32F61C953DF00006329E /* TableViewController.swift in Sources */,
				6BEC32C81C953D740006329E /* AppDelegate.swift in Sources */,
			);
			runOnlyForDeploymentPostprocessing = 0;
		};
		6BEC32D41C953D740006329E /* Sources */ = {
			isa = PBXSourcesBuildPhase;
			buildActionMask = 2147483647;
			files = (
				6BEC32DD1C953D740006329E /* TableViewBadPerformanceSampleTests.swift in Sources */,
			);
			runOnlyForDeploymentPostprocessing = 0;
		};
		6BEC32DF1C953D740006329E /* Sources */ = {
			isa = PBXSourcesBuildPhase;
			buildActionMask = 2147483647;
			files = (
				6BEC32E81C953D740006329E /* TableViewBadPerformanceSampleUITests.swift in Sources */,
			);
			runOnlyForDeploymentPostprocessing = 0;
		};
/* End PBXSourcesBuildPhase section */

/* Begin PBXTargetDependency section */
		6BEC32DA1C953D740006329E /* PBXTargetDependency */ = {
			isa = PBXTargetDependency;
			target = 6BEC32C31C953D740006329E /* TableViewBadPerformanceSample */;
			targetProxy = 6BEC32D91C953D740006329E /* PBXContainerItemProxy */;
		};
		6BEC32E51C953D740006329E /* PBXTargetDependency */ = {
			isa = PBXTargetDependency;
			target = 6BEC32C31C953D740006329E /* TableViewBadPerformanceSample */;
			targetProxy = 6BEC32E41C953D740006329E /* PBXContainerItemProxy */;
		};
/* End PBXTargetDependency section */

/* Begin PBXVariantGroup section */
		6BEC32CB1C953D740006329E /* Main.storyboard */ = {
			isa = PBXVariantGroup;
			children = (
				6BEC32CC1C953D740006329E /* Base */,
			);
			name = Main.storyboard;
			sourceTree = "<group>";
		};
		6BEC32D01C953D740006329E /* LaunchScreen.storyboard */ = {
			isa = PBXVariantGroup;
			children = (
				6BEC32D11C953D740006329E /* Base */,
			);
			name = LaunchScreen.storyboard;
			sourceTree = "<group>";
		};
/* End PBXVariantGroup section */

/* Begin XCBuildConfiguration section */
		6BEC32EA1C953D740006329E /* Debug */ = {
			isa = XCBuildConfiguration;
			buildSettings = {
				ALWAYS_SEARCH_USER_PATHS = NO;
				CLANG_ANALYZER_NONNULL = YES;
				CLANG_CXX_LANGUAGE_STANDARD = "gnu++0x";
				CLANG_CXX_LIBRARY = "libc++";
				CLANG_ENABLE_MODULES = YES;
				CLANG_ENABLE_OBJC_ARC = YES;
				CLANG_WARN_BOOL_CONVERSION = YES;
				CLANG_WARN_CONSTANT_CONVERSION = YES;
				CLANG_WARN_DIRECT_OBJC_ISA_USAGE = YES_ERROR;
				CLANG_WARN_EMPTY_BODY = YES;
				CLANG_WARN_ENUM_CONVERSION = YES;
				CLANG_WARN_INT_CONVERSION = YES;
				CLANG_WARN_OBJC_ROOT_CLASS = YES_ERROR;
				CLANG_WARN_UNREACHABLE_CODE = YES;
				CLANG_WARN__DUPLICATE_METHOD_MATCH = YES;
				"CODE_SIGN_IDENTITY[sdk=iphoneos*]" = "iPhone Developer";
				COPY_PHASE_STRIP = NO;
				DEBUG_INFORMATION_FORMAT = dwarf;
				ENABLE_STRICT_OBJC_MSGSEND = YES;
				ENABLE_TESTABILITY = YES;
				GCC_C_LANGUAGE_STANDARD = gnu99;
				GCC_DYNAMIC_NO_PIC = NO;
				GCC_NO_COMMON_BLOCKS = YES;
				GCC_OPTIMIZATION_LEVEL = 0;
				GCC_PREPROCESSOR_DEFINITIONS = (
					"DEBUG=1",
					"$(inherited)",
				);
				GCC_WARN_64_TO_32_BIT_CONVERSION = YES;
				GCC_WARN_ABOUT_RETURN_TYPE = YES_ERROR;
				GCC_WARN_UNDECLARED_SELECTOR = YES;
				GCC_WARN_UNINITIALIZED_AUTOS = YES_AGGRESSIVE;
				GCC_WARN_UNUSED_FUNCTION = YES;
				GCC_WARN_UNUSED_VARIABLE = YES;
				IPHONEOS_DEPLOYMENT_TARGET = 9.3;
				MTL_ENABLE_DEBUG_INFO = YES;
				ONLY_ACTIVE_ARCH = YES;
				SDKROOT = iphoneos;
				SWIFT_OPTIMIZATION_LEVEL = "-Onone";
				TARGETED_DEVICE_FAMILY = "1,2";
			};
			name = Debug;
		};
		6BEC32EB1C953D740006329E /* Release */ = {
			isa = XCBuildConfiguration;
			buildSettings = {
				ALWAYS_SEARCH_USER_PATHS = NO;
				CLANG_ANALYZER_NONNULL = YES;
				CLANG_CXX_LANGUAGE_STANDARD = "gnu++0x";
				CLANG_CXX_LIBRARY = "libc++";
				CLANG_ENABLE_MODULES = YES;
				CLANG_ENABLE_OBJC_ARC = YES;
				CLANG_WARN_BOOL_CONVERSION = YES;
				CLANG_WARN_CONSTANT_CONVERSION = YES;
				CLANG_WARN_DIRECT_OBJC_ISA_USAGE = YES_ERROR;
				CLANG_WARN_EMPTY_BODY = YES;
				CLANG_WARN_ENUM_CONVERSION = YES;
				CLANG_WARN_INT_CONVERSION = YES;
				CLANG_WARN_OBJC_ROOT_CLASS = YES_ERROR;
				CLANG_WARN_UNREACHABLE_CODE = YES;
				CLANG_WARN__DUPLICATE_METHOD_MATCH = YES;
				"CODE_SIGN_IDENTITY[sdk=iphoneos*]" = "iPhone Developer";
				COPY_PHASE_STRIP = NO;
				DEBUG_INFORMATION_FORMAT = "dwarf-with-dsym";
				ENABLE_NS_ASSERTIONS = NO;
				ENABLE_STRICT_OBJC_MSGSEND = YES;
				GCC_C_LANGUAGE_STANDARD = gnu99;
				GCC_NO_COMMON_BLOCKS = YES;
				GCC_WARN_64_TO_32_BIT_CONVERSION = YES;
				GCC_WARN_ABOUT_RETURN_TYPE = YES_ERROR;
				GCC_WARN_UNDECLARED_SELECTOR = YES;
				GCC_WARN_UNINITIALIZED_AUTOS = YES_AGGRESSIVE;
				GCC_WARN_UNUSED_FUNCTION = YES;
				GCC_WARN_UNUSED_VARIABLE = YES;
				IPHONEOS_DEPLOYMENT_TARGET = 9.3;
				MTL_ENABLE_DEBUG_INFO = NO;
				SDKROOT = iphoneos;
				TARGETED_DEVICE_FAMILY = "1,2";
				VALIDATE_PRODUCT = YES;
			};
			name = Release;
		};
		6BEC32ED1C953D740006329E /* Debug */ = {
			isa = XCBuildConfiguration;
			buildSettings = {
				ASSETCATALOG_COMPILER_APPICON_NAME = AppIcon;
				INFOPLIST_FILE = TableViewBadPerformanceSample/Info.plist;
				IPHONEOS_DEPLOYMENT_TARGET = 9.2;
				LD_RUNPATH_SEARCH_PATHS = "$(inherited) @executable_path/Frameworks";
				PRODUCT_BUNDLE_IDENTIFIER = com.larryhou.samples.TableViewBadPerformanceSample;
				PRODUCT_NAME = "$(TARGET_NAME)";
			};
			name = Debug;
		};
		6BEC32EE1C953D740006329E /* Release */ = {
			isa = XCBuildConfiguration;
			buildSettings = {
				ASSETCATALOG_COMPILER_APPICON_NAME = AppIcon;
				INFOPLIST_FILE = TableViewBadPerformanceSample/Info.plist;
				IPHONEOS_DEPLOYMENT_TARGET = 9.2;
				LD_RUNPATH_SEARCH_PATHS = "$(inherited) @executable_path/Frameworks";
				PRODUCT_BUNDLE_IDENTIFIER = com.larryhou.samples.TableViewBadPerformanceSample;
				PRODUCT_NAME = "$(TARGET_NAME)";
			};
			name = Release;
		};
		6BEC32F01C953D740006329E /* Debug */ = {
			isa = XCBuildConfiguration;
			buildSettings = {
				BUNDLE_LOADER = "$(TEST_HOST)";
				INFOPLIST_FILE = TableViewBadPerformanceSampleTests/Info.plist;
				LD_RUNPATH_SEARCH_PATHS = "$(inherited) @executable_path/Frameworks @loader_path/Frameworks";
				PRODUCT_BUNDLE_IDENTIFIER = com.larryhou.samples.TableViewBadPerformanceSampleTests;
				PRODUCT_NAME = "$(TARGET_NAME)";
				TEST_HOST = "$(BUILT_PRODUCTS_DIR)/TableViewBadPerformanceSample.app/TableViewBadPerformanceSample";
			};
			name = Debug;
		};
		6BEC32F11C953D740006329E /* Release */ = {
			isa = XCBuildConfiguration;
			buildSettings = {
				BUNDLE_LOADER = "$(TEST_HOST)";
				INFOPLIST_FILE = TableViewBadPerformanceSampleTests/Info.plist;
				LD_RUNPATH_SEARCH_PATHS = "$(inherited) @executable_path/Frameworks @loader_path/Frameworks";
				PRODUCT_BUNDLE_IDENTIFIER = com.larryhou.samples.TableViewBadPerformanceSampleTests;
				PRODUCT_NAME = "$(TARGET_NAME)";
				TEST_HOST = "$(BUILT_PRODUCTS_DIR)/TableViewBadPerformanceSample.app/TableViewBadPerformanceSample";
			};
			name = Release;
		};
		6BEC32F31C953D740006329E /* Debug */ = {
			isa = XCBuildConfiguration;
			buildSettings = {
				INFOPLIST_FILE = TableViewBadPerformanceSampleUITests/Info.plist;
				LD_RUNPATH_SEARCH_PATHS = "$(inherited) @executable_path/Frameworks @loader_path/Frameworks";
				PRODUCT_BUNDLE_IDENTIFIER = com.larryhou.samples.TableViewBadPerformanceSampleUITests;
				PRODUCT_NAME = "$(TARGET_NAME)";
				TEST_TARGET_NAME = TableViewBadPerformanceSample;
			};
			name = Debug;
		};
		6BEC32F41C953D740006329E /* Release */ = {
			isa = XCBuildConfiguration;
			buildSettings = {
				INFOPLIST_FILE = TableViewBadPerformanceSampleUITests/Info.plist;
				LD_RUNPATH_SEARCH_PATHS = "$(inherited) @executable_path/Frameworks @loader_path/Frameworks";
				PRODUCT_BUNDLE_IDENTIFIER = com.larryhou.samples.TableViewBadPerformanceSampleUITests;
				PRODUCT_NAME = "$(TARGET_NAME)";
				TEST_TARGET_NAME = TableViewBadPerformanceSample;
			};
			name = Release;
		};
/* End XCBuildConfiguration section */

/* Begin XCConfigurationList section */
		6BEC32BF1C953D740006329E /* Build configuration list for PBXProject "TableViewBadPerformanceSample" */ = {
			isa = XCConfigurationList;
			buildConfigurations = (
				6BEC32EA1C953D740006329E /* Debug */,
				6BEC32EB1C953D740006329E /* Release */,
			);
			defaultConfigurationIsVisible = 0;
			defaultConfigurationName = Release;
		};
		6BEC32EC1C953D740006329E /* Build configuration list for PBXNativeTarget "TableViewBadPerformanceSample" */ = {
			isa = XCConfigurationList;
			buildConfigurations = (
				6BEC32ED1C953D740006329E /* Debug */,
				6BEC32EE1C953D740006329E /* Release */,
			);
			defaultConfigurationIsVisible = 0;
		};
		6BEC32EF1C953D740006329E /* Build configuration list for PBXNativeTarget "TableViewBadPerformanceSampleTests" */ = {
			isa = XCConfigurationList;
			buildConfigurations = (
				6BEC32F01C953D740006329E /* Debug */,
				6BEC32F11C953D740006329E /* Release */,
			);
			defaultConfigurationIsVisible = 0;
		};
		6BEC32F21C953D740006329E /* Build configuration list for PBXNativeTarget "TableViewBadPerformanceSampleUITests" */ = {
			isa = XCConfigurationList;
			buildConfigurations = (
				6BEC32F31C953D740006329E /* Debug */,
				6BEC32F41C953D740006329E /* Release */,
			);
			defaultConfigurationIsVisible = 0;
		};
/* End XCConfigurationList section */
	};
	rootObject = 6BEC32BC1C953D740006329E /* Project object */;
}
