// !$*UTF8*$!
{
	archiveVersion = 1;
	classes = {
	};
	objectVersion = 48;
	objects = {

/* Begin PBXBuildFile section */
		6B79D4F81F9F372A00E02A04 /* AppDelegate.swift in Sources */ = {isa = PBXBuildFile; fileRef = 6B79D4F71F9F372A00E02A04 /* AppDelegate.swift */; };
		6B79D4FA1F9F372A00E02A04 /* ViewController.swift in Sources */ = {isa = PBXBuildFile; fileRef = 6B79D4F91F9F372A00E02A04 /* ViewController.swift */; };
		6B79D4FD1F9F372A00E02A04 /* Main.storyboard in Resources */ = {isa = PBXBuildFile; fileRef = 6B79D4FB1F9F372A00E02A04 /* Main.storyboard */; };
		6B79D5001F9F372A00E02A04 /* ForceTouch.xcdatamodeld in Sources */ = {isa = PBXBuildFile; fileRef = 6B79D4FE1F9F372A00E02A04 /* ForceTouch.xcdatamodeld */; };
		6B79D5021F9F372A00E02A04 /* Assets.xcassets in Resources */ = {isa = PBXBuildFile; fileRef = 6B79D5011F9F372A00E02A04 /* Assets.xcassets */; };
		6B79D5051F9F372A00E02A04 /* LaunchScreen.storyboard in Resources */ = {isa = PBXBuildFile; fileRef = 6B79D5031F9F372A00E02A04 /* LaunchScreen.storyboard */; };
		6B79D5101F9F372A00E02A04 /* ForceTouchTests.swift in Sources */ = {isa = PBXBuildFile; fileRef = 6B79D50F1F9F372A00E02A04 /* ForceTouchTests.swift */; };
		6B79D51B1F9F372A00E02A04 /* ForceTouchUITests.swift in Sources */ = {isa = PBXBuildFile; fileRef = 6B79D51A1F9F372A00E02A04 /* ForceTouchUITests.swift */; };
/* End PBXBuildFile section */

/* Begin PBXContainerItemProxy section */
		6B79D50C1F9F372A00E02A04 /* PBXContainerItemProxy */ = {
			isa = PBXContainerItemProxy;
			containerPortal = 6B79D4EC1F9F372A00E02A04 /* Project object */;
			proxyType = 1;
			remoteGlobalIDString = 6B79D4F31F9F372A00E02A04;
			remoteInfo = ForceTouch;
		};
		6B79D5171F9F372A00E02A04 /* PBXContainerItemProxy */ = {
			isa = PBXContainerItemProxy;
			containerPortal = 6B79D4EC1F9F372A00E02A04 /* Project object */;
			proxyType = 1;
			remoteGlobalIDString = 6B79D4F31F9F372A00E02A04;
			remoteInfo = ForceTouch;
		};
/* End PBXContainerItemProxy section */

/* Begin PBXFileReference section */
		6B79D4F41F9F372A00E02A04 /* ForceTouch.app */ = {isa = PBXFileReference; explicitFileType = wrapper.application; includeInIndex = 0; path = ForceTouch.app; sourceTree = BUILT_PRODUCTS_DIR; };
		6B79D4F71F9F372A00E02A04 /* AppDelegate.swift */ = {isa = PBXFileReference; lastKnownFileType = sourcecode.swift; path = AppDelegate.swift; sourceTree = "<group>"; };
		6B79D4F91F9F372A00E02A04 /* ViewController.swift */ = {isa = PBXFileReference; lastKnownFileType = sourcecode.swift; path = ViewController.swift; sourceTree = "<group>"; };
		6B79D4FC1F9F372A00E02A04 /* Base */ = {isa = PBXFileReference; lastKnownFileType = file.storyboard; name = Base; path = Base.lproj/Main.storyboard; sourceTree = "<group>"; };
		6B79D4FF1F9F372A00E02A04 /* ForceTouch.xcdatamodel */ = {isa = PBXFileReference; lastKnownFileType = wrapper.xcdatamodel; path = ForceTouch.xcdatamodel; sourceTree = "<group>"; };
		6B79D5011F9F372A00E02A04 /* Assets.xcassets */ = {isa = PBXFileReference; lastKnownFileType = folder.assetcatalog; path = Assets.xcassets; sourceTree = "<group>"; };
		6B79D5041F9F372A00E02A04 /* Base */ = {isa = PBXFileReference; lastKnownFileType = file.storyboard; name = Base; path = Base.lproj/LaunchScreen.storyboard; sourceTree = "<group>"; };
		6B79D5061F9F372A00E02A04 /* Info.plist */ = {isa = PBXFileReference; lastKnownFileType = text.plist.xml; path = Info.plist; sourceTree = "<group>"; };
		6B79D50B1F9F372A00E02A04 /* ForceTouchTests.xctest */ = {isa = PBXFileReference; explicitFileType = wrapper.cfbundle; includeInIndex = 0; path = ForceTouchTests.xctest; sourceTree = BUILT_PRODUCTS_DIR; };
		6B79D50F1F9F372A00E02A04 /* ForceTouchTests.swift */ = {isa = PBXFileReference; lastKnownFileType = sourcecode.swift; path = ForceTouchTests.swift; sourceTree = "<group>"; };
		6B79D5111F9F372A00E02A04 /* Info.plist */ = {isa = PBXFileReference; lastKnownFileType = text.plist.xml; path = Info.plist; sourceTree = "<group>"; };
		6B79D5161F9F372A00E02A04 /* ForceTouchUITests.xctest */ = {isa = PBXFileReference; explicitFileType = wrapper.cfbundle; includeInIndex = 0; path = ForceTouchUITests.xctest; sourceTree = BUILT_PRODUCTS_DIR; };
		6B79D51A1F9F372A00E02A04 /* ForceTouchUITests.swift */ = {isa = PBXFileReference; lastKnownFileType = sourcecode.swift; path = ForceTouchUITests.swift; sourceTree = "<group>"; };
		6B79D51C1F9F372A00E02A04 /* Info.plist */ = {isa = PBXFileReference; lastKnownFileType = text.plist.xml; path = Info.plist; sourceTree = "<group>"; };
/* End PBXFileReference section */

/* Begin PBXFrameworksBuildPhase section */
		6B79D4F11F9F372A00E02A04 /* Frameworks */ = {
			isa = PBXFrameworksBuildPhase;
			buildActionMask = 2147483647;
			files = (
			);
			runOnlyForDeploymentPostprocessing = 0;
		};
		6B79D5081F9F372A00E02A04 /* Frameworks */ = {
			isa = PBXFrameworksBuildPhase;
			buildActionMask = 2147483647;
			files = (
			);
			runOnlyForDeploymentPostprocessing = 0;
		};
		6B79D5131F9F372A00E02A04 /* Frameworks */ = {
			isa = PBXFrameworksBuildPhase;
			buildActionMask = 2147483647;
			files = (
			);
			runOnlyForDeploymentPostprocessing = 0;
		};
/* End PBXFrameworksBuildPhase section */

/* Begin PBXGroup section */
		6B79D4EB1F9F372A00E02A04 = {
			isa = PBXGroup;
			children = (
				6B79D4F61F9F372A00E02A04 /* ForceTouch */,
				6B79D50E1F9F372A00E02A04 /* ForceTouchTests */,
				6B79D5191F9F372A00E02A04 /* ForceTouchUITests */,
				6B79D4F51F9F372A00E02A04 /* Products */,
			);
			sourceTree = "<group>";
		};
		6B79D4F51F9F372A00E02A04 /* Products */ = {
			isa = PBXGroup;
			children = (
				6B79D4F41F9F372A00E02A04 /* ForceTouch.app */,
				6B79D50B1F9F372A00E02A04 /* ForceTouchTests.xctest */,
				6B79D5161F9F372A00E02A04 /* ForceTouchUITests.xctest */,
			);
			name = Products;
			sourceTree = "<group>";
		};
		6B79D4F61F9F372A00E02A04 /* ForceTouch */ = {
			isa = PBXGroup;
			children = (
				6B79D4F71F9F372A00E02A04 /* AppDelegate.swift */,
				6B79D4F91F9F372A00E02A04 /* ViewController.swift */,
				6B79D4FB1F9F372A00E02A04 /* Main.storyboard */,
				6B79D5011F9F372A00E02A04 /* Assets.xcassets */,
				6B79D5031F9F372A00E02A04 /* LaunchScreen.storyboard */,
				6B79D5061F9F372A00E02A04 /* Info.plist */,
				6B79D4FE1F9F372A00E02A04 /* ForceTouch.xcdatamodeld */,
			);
			path = ForceTouch;
			sourceTree = "<group>";
		};
		6B79D50E1F9F372A00E02A04 /* ForceTouchTests */ = {
			isa = PBXGroup;
			children = (
				6B79D50F1F9F372A00E02A04 /* ForceTouchTests.swift */,
				6B79D5111F9F372A00E02A04 /* Info.plist */,
			);
			path = ForceTouchTests;
			sourceTree = "<group>";
		};
		6B79D5191F9F372A00E02A04 /* ForceTouchUITests */ = {
			isa = PBXGroup;
			children = (
				6B79D51A1F9F372A00E02A04 /* ForceTouchUITests.swift */,
				6B79D51C1F9F372A00E02A04 /* Info.plist */,
			);
			path = ForceTouchUITests;
			sourceTree = "<group>";
		};
/* End PBXGroup section */

/* Begin PBXNativeTarget section */
		6B79D4F31F9F372A00E02A04 /* ForceTouch */ = {
			isa = PBXNativeTarget;
			buildConfigurationList = 6B79D51F1F9F372A00E02A04 /* Build configuration list for PBXNativeTarget "ForceTouch" */;
			buildPhases = (
				6B79D4F01F9F372A00E02A04 /* Sources */,
				6B79D4F11F9F372A00E02A04 /* Frameworks */,
				6B79D4F21F9F372A00E02A04 /* Resources */,
			);
			buildRules = (
			);
			dependencies = (
			);
			name = ForceTouch;
			productName = ForceTouch;
			productReference = 6B79D4F41F9F372A00E02A04 /* ForceTouch.app */;
			productType = "com.apple.product-type.application";
		};
		6B79D50A1F9F372A00E02A04 /* ForceTouchTests */ = {
			isa = PBXNativeTarget;
			buildConfigurationList = 6B79D5221F9F372A00E02A04 /* Build configuration list for PBXNativeTarget "ForceTouchTests" */;
			buildPhases = (
				6B79D5071F9F372A00E02A04 /* Sources */,
				6B79D5081F9F372A00E02A04 /* Frameworks */,
				6B79D5091F9F372A00E02A04 /* Resources */,
			);
			buildRules = (
			);
			dependencies = (
				6B79D50D1F9F372A00E02A04 /* PBXTargetDependency */,
			);
			name = ForceTouchTests;
			productName = ForceTouchTests;
			productReference = 6B79D50B1F9F372A00E02A04 /* ForceTouchTests.xctest */;
			productType = "com.apple.product-type.bundle.unit-test";
		};
		6B79D5151F9F372A00E02A04 /* ForceTouchUITests */ = {
			isa = PBXNativeTarget;
			buildConfigurationList = 6B79D5251F9F372A00E02A04 /* Build configuration list for PBXNativeTarget "ForceTouchUITests" */;
			buildPhases = (
				6B79D5121F9F372A00E02A04 /* Sources */,
				6B79D5131F9F372A00E02A04 /* Frameworks */,
				6B79D5141F9F372A00E02A04 /* Resources */,
			);
			buildRules = (
			);
			dependencies = (
				6B79D5181F9F372A00E02A04 /* PBXTargetDependency */,
			);
			name = ForceTouchUITests;
			productName = ForceTouchUITests;
			productReference = 6B79D5161F9F372A00E02A04 /* ForceTouchUITests.xctest */;
			productType = "com.apple.product-type.bundle.ui-testing";
		};
/* End PBXNativeTarget section */

/* Begin PBXProject section */
		6B79D4EC1F9F372A00E02A04 /* Project object */ = {
			isa = PBXProject;
			attributes = {
				LastSwiftUpdateCheck = 0900;
				LastUpgradeCheck = 0900;
				ORGANIZATIONNAME = larryhou;
				TargetAttributes = {
					6B79D4F31F9F372A00E02A04 = {
						CreatedOnToolsVersion = 9.0;
						ProvisioningStyle = Automatic;
					};
					6B79D50A1F9F372A00E02A04 = {
						CreatedOnToolsVersion = 9.0;
						ProvisioningStyle = Automatic;
						TestTargetID = 6B79D4F31F9F372A00E02A04;
					};
					6B79D5151F9F372A00E02A04 = {
						CreatedOnToolsVersion = 9.0;
						ProvisioningStyle = Automatic;
						TestTargetID = 6B79D4F31F9F372A00E02A04;
					};
				};
			};
			buildConfigurationList = 6B79D4EF1F9F372A00E02A04 /* Build configuration list for PBXProject "ForceTouch" */;
			compatibilityVersion = "Xcode 8.0";
			developmentRegion = en;
			hasScannedForEncodings = 0;
			knownRegions = (
				en,
				Base,
			);
			mainGroup = 6B79D4EB1F9F372A00E02A04;
			productRefGroup = 6B79D4F51F9F372A00E02A04 /* Products */;
			projectDirPath = "";
			projectRoot = "";
			targets = (
				6B79D4F31F9F372A00E02A04 /* ForceTouch */,
				6B79D50A1F9F372A00E02A04 /* ForceTouchTests */,
				6B79D5151F9F372A00E02A04 /* ForceTouchUITests */,
			);
		};
/* End PBXProject section */

/* Begin PBXResourcesBuildPhase section */
		6B79D4F21F9F372A00E02A04 /* Resources */ = {
			isa = PBXResourcesBuildPhase;
			buildActionMask = 2147483647;
			files = (
				6B79D5051F9F372A00E02A04 /* LaunchScreen.storyboard in Resources */,
				6B79D5021F9F372A00E02A04 /* Assets.xcassets in Resources */,
				6B79D4FD1F9F372A00E02A04 /* Main.storyboard in Resources */,
			);
			runOnlyForDeploymentPostprocessing = 0;
		};
		6B79D5091F9F372A00E02A04 /* Resources */ = {
			isa = PBXResourcesBuildPhase;
			buildActionMask = 2147483647;
			files = (
			);
			runOnlyForDeploymentPostprocessing = 0;
		};
		6B79D5141F9F372A00E02A04 /* Resources */ = {
			isa = PBXResourcesBuildPhase;
			buildActionMask = 2147483647;
			files = (
			);
			runOnlyForDeploymentPostprocessing = 0;
		};
/* End PBXResourcesBuildPhase section */

/* Begin PBXSourcesBuildPhase section */
		6B79D4F01F9F372A00E02A04 /* Sources */ = {
			isa = PBXSourcesBuildPhase;
			buildActionMask = 2147483647;
			files = (
				6B79D5001F9F372A00E02A04 /* ForceTouch.xcdatamodeld in Sources */,
				6B79D4FA1F9F372A00E02A04 /* ViewController.swift in Sources */,
				6B79D4F81F9F372A00E02A04 /* AppDelegate.swift in Sources */,
			);
			runOnlyForDeploymentPostprocessing = 0;
		};
		6B79D5071F9F372A00E02A04 /* Sources */ = {
			isa = PBXSourcesBuildPhase;
			buildActionMask = 2147483647;
			files = (
				6B79D5101F9F372A00E02A04 /* ForceTouchTests.swift in Sources */,
			);
			runOnlyForDeploymentPostprocessing = 0;
		};
		6B79D5121F9F372A00E02A04 /* Sources */ = {
			isa = PBXSourcesBuildPhase;
			buildActionMask = 2147483647;
			files = (
				6B79D51B1F9F372A00E02A04 /* ForceTouchUITests.swift in Sources */,
			);
			runOnlyForDeploymentPostprocessing = 0;
		};
/* End PBXSourcesBuildPhase section */

/* Begin PBXTargetDependency section */
		6B79D50D1F9F372A00E02A04 /* PBXTargetDependency */ = {
			isa = PBXTargetDependency;
			target = 6B79D4F31F9F372A00E02A04 /* ForceTouch */;
			targetProxy = 6B79D50C1F9F372A00E02A04 /* PBXContainerItemProxy */;
		};
		6B79D5181F9F372A00E02A04 /* PBXTargetDependency */ = {
			isa = PBXTargetDependency;
			target = 6B79D4F31F9F372A00E02A04 /* ForceTouch */;
			targetProxy = 6B79D5171F9F372A00E02A04 /* PBXContainerItemProxy */;
		};
/* End PBXTargetDependency section */

/* Begin PBXVariantGroup section */
		6B79D4FB1F9F372A00E02A04 /* Main.storyboard */ = {
			isa = PBXVariantGroup;
			children = (
				6B79D4FC1F9F372A00E02A04 /* Base */,
			);
			name = Main.storyboard;
			sourceTree = "<group>";
		};
		6B79D5031F9F372A00E02A04 /* LaunchScreen.storyboard */ = {
			isa = PBXVariantGroup;
			children = (
				6B79D5041F9F372A00E02A04 /* Base */,
			);
			name = LaunchScreen.storyboard;
			sourceTree = "<group>";
		};
/* End PBXVariantGroup section */

/* Begin XCBuildConfiguration section */
		6B79D51D1F9F372A00E02A04 /* Debug */ = {
			isa = XCBuildConfiguration;
			buildSettings = {
				ALWAYS_SEARCH_USER_PATHS = NO;
				CLANG_ANALYZER_NONNULL = YES;
				CLANG_ANALYZER_NUMBER_OBJECT_CONVERSION = YES_AGGRESSIVE;
				CLANG_CXX_LANGUAGE_STANDARD = "gnu++14";
				CLANG_CXX_LIBRARY = "libc++";
				CLANG_ENABLE_MODULES = YES;
				CLANG_ENABLE_OBJC_ARC = YES;
				CLANG_WARN_BLOCK_CAPTURE_AUTORELEASING = YES;
				CLANG_WARN_BOOL_CONVERSION = YES;
				CLANG_WARN_COMMA = YES;
				CLANG_WARN_CONSTANT_CONVERSION = YES;
				CLANG_WARN_DIRECT_OBJC_ISA_USAGE = YES_ERROR;
				CLANG_WARN_DOCUMENTATION_COMMENTS = YES;
				CLANG_WARN_EMPTY_BODY = YES;
				CLANG_WARN_ENUM_CONVERSION = YES;
				CLANG_WARN_INFINITE_RECURSION = YES;
				CLANG_WARN_INT_CONVERSION = YES;
				CLANG_WARN_NON_LITERAL_NULL_CONVERSION = YES;
				CLANG_WARN_OBJC_LITERAL_CONVERSION = YES;
				CLANG_WARN_OBJC_ROOT_CLASS = YES_ERROR;
				CLANG_WARN_RANGE_LOOP_ANALYSIS = YES;
				CLANG_WARN_STRICT_PROTOTYPES = YES;
				CLANG_WARN_SUSPICIOUS_MOVE = YES;
				CLANG_WARN_UNGUARDED_AVAILABILITY = YES_AGGRESSIVE;
				CLANG_WARN_UNREACHABLE_CODE = YES;
				CLANG_WARN__DUPLICATE_METHOD_MATCH = YES;
				CODE_SIGN_IDENTITY = "iPhone Developer";
				COPY_PHASE_STRIP = NO;
				DEBUG_INFORMATION_FORMAT = dwarf;
				ENABLE_STRICT_OBJC_MSGSEND = YES;
				ENABLE_TESTABILITY = YES;
				GCC_C_LANGUAGE_STANDARD = gnu11;
				GCC_DYNAMIC_NO_PIC = NO;
				GCC_NO_COMMON_BLOCKS = YES;
				GCC_OPTIMIZATION_LEVEL = 0;
				GCC_PREPROCESSOR_DEFINITIONS = (
					"DEBUG=1",
					"$(inherited)",
				);
				GCC_WARN_64_TO_32_BIT_CONVERSION = YES;
				GCC_WARN_ABOUT_RETURN_TYPE = YES_ERROR;
				GCC_WARN_UNDECLARED_SELECTOR = YES;
				GCC_WARN_UNINITIALIZED_AUTOS = YES_AGGRESSIVE;
				GCC_WARN_UNUSED_FUNCTION = YES;
				GCC_WARN_UNUSED_VARIABLE = YES;
				IPHONEOS_DEPLOYMENT_TARGET = 11.0;
				MTL_ENABLE_DEBUG_INFO = YES;
				ONLY_ACTIVE_ARCH = YES;
				SDKROOT = iphoneos;
				SWIFT_ACTIVE_COMPILATION_CONDITIONS = DEBUG;
				SWIFT_OPTIMIZATION_LEVEL = "-Onone";
			};
			name = Debug;
		};
		6B79D51E1F9F372A00E02A04 /* Release */ = {
			isa = XCBuildConfiguration;
			buildSettings = {
				ALWAYS_SEARCH_USER_PATHS = NO;
				CLANG_ANALYZER_NONNULL = YES;
				CLANG_ANALYZER_NUMBER_OBJECT_CONVERSION = YES_AGGRESSIVE;
				CLANG_CXX_LANGUAGE_STANDARD = "gnu++14";
				CLANG_CXX_LIBRARY = "libc++";
				CLANG_ENABLE_MODULES = YES;
				CLANG_ENABLE_OBJC_ARC = YES;
				CLANG_WARN_BLOCK_CAPTURE_AUTORELEASING = YES;
				CLANG_WARN_BOOL_CONVERSION = YES;
				CLANG_WARN_COMMA = YES;
				CLANG_WARN_CONSTANT_CONVERSION = YES;
				CLANG_WARN_DIRECT_OBJC_ISA_USAGE = YES_ERROR;
				CLANG_WARN_DOCUMENTATION_COMMENTS = YES;
				CLANG_WARN_EMPTY_BODY = YES;
				CLANG_WARN_ENUM_CONVERSION = YES;
				CLANG_WARN_INFINITE_RECURSION = YES;
				CLANG_WARN_INT_CONVERSION = YES;
				CLANG_WARN_NON_LITERAL_NULL_CONVERSION = YES;
				CLANG_WARN_OBJC_LITERAL_CONVERSION = YES;
				CLANG_WARN_OBJC_ROOT_CLASS = YES_ERROR;
				CLANG_WARN_RANGE_LOOP_ANALYSIS = YES;
				CLANG_WARN_STRICT_PROTOTYPES = YES;
				CLANG_WARN_SUSPICIOUS_MOVE = YES;
				CLANG_WARN_UNGUARDED_AVAILABILITY = YES_AGGRESSIVE;
				CLANG_WARN_UNREACHABLE_CODE = YES;
				CLANG_WARN__DUPLICATE_METHOD_MATCH = YES;
				CODE_SIGN_IDENTITY = "iPhone Developer";
				COPY_PHASE_STRIP = NO;
				DEBUG_INFORMATION_FORMAT = "dwarf-with-dsym";
				ENABLE_NS_ASSERTIONS = NO;
				ENABLE_STRICT_OBJC_MSGSEND = YES;
				GCC_C_LANGUAGE_STANDARD = gnu11;
				GCC_NO_COMMON_BLOCKS = YES;
				GCC_WARN_64_TO_32_BIT_CONVERSION = YES;
				GCC_WARN_ABOUT_RETURN_TYPE = YES_ERROR;
				GCC_WARN_UNDECLARED_SELECTOR = YES;
				GCC_WARN_UNINITIALIZED_AUTOS = YES_AGGRESSIVE;
				GCC_WARN_UNUSED_FUNCTION = YES;
				GCC_WARN_UNUSED_VARIABLE = YES;
				IPHONEOS_DEPLOYMENT_TARGET = 11.0;
				MTL_ENABLE_DEBUG_INFO = NO;
				SDKROOT = iphoneos;
				SWIFT_OPTIMIZATION_LEVEL = "-Owholemodule";
				VALIDATE_PRODUCT = YES;
			};
			name = Release;
		};
		6B79D5201F9F372A00E02A04 /* Debug */ = {
			isa = XCBuildConfiguration;
			buildSettings = {
				ASSETCATALOG_COMPILER_APPICON_NAME = AppIcon;
				CODE_SIGN_STYLE = Automatic;
				DEVELOPMENT_TEAM = PRLP6W5S32;
				INFOPLIST_FILE = ForceTouch/Info.plist;
				LD_RUNPATH_SEARCH_PATHS = "$(inherited) @executable_path/Frameworks";
				PRODUCT_BUNDLE_IDENTIFIER = com.larryhou.samples.ForceTouch;
				PRODUCT_NAME = "$(TARGET_NAME)";
				SWIFT_VERSION = 4.0;
				TARGETED_DEVICE_FAMILY = "1,2";
			};
			name = Debug;
		};
		6B79D5211F9F372A00E02A04 /* Release */ = {
			isa = XCBuildConfiguration;
			buildSettings = {
				ASSETCATALOG_COMPILER_APPICON_NAME = AppIcon;
				CODE_SIGN_STYLE = Automatic;
				DEVELOPMENT_TEAM = PRLP6W5S32;
				INFOPLIST_FILE = ForceTouch/Info.plist;
				LD_RUNPATH_SEARCH_PATHS = "$(inherited) @executable_path/Frameworks";
				PRODUCT_BUNDLE_IDENTIFIER = com.larryhou.samples.ForceTouch;
				PRODUCT_NAME = "$(TARGET_NAME)";
				SWIFT_VERSION = 4.0;
				TARGETED_DEVICE_FAMILY = "1,2";
			};
			name = Release;
		};
		6B79D5231F9F372A00E02A04 /* Debug */ = {
			isa = XCBuildConfiguration;
			buildSettings = {
				ALWAYS_EMBED_SWIFT_STANDARD_LIBRARIES = YES;
				BUNDLE_LOADER = "$(TEST_HOST)";
				CODE_SIGN_STYLE = Automatic;
				DEVELOPMENT_TEAM = PRLP6W5S32;
				INFOPLIST_FILE = ForceTouchTests/Info.plist;
				LD_RUNPATH_SEARCH_PATHS = "$(inherited) @executable_path/Frameworks @loader_path/Frameworks";
				PRODUCT_BUNDLE_IDENTIFIER = com.larryhou.samples.ForceTouchTests;
				PRODUCT_NAME = "$(TARGET_NAME)";
				SWIFT_VERSION = 4.0;
				TARGETED_DEVICE_FAMILY = "1,2";
				TEST_HOST = "$(BUILT_PRODUCTS_DIR)/ForceTouch.app/ForceTouch";
			};
			name = Debug;
		};
		6B79D5241F9F372A00E02A04 /* Release */ = {
			isa = XCBuildConfiguration;
			buildSettings = {
				ALWAYS_EMBED_SWIFT_STANDARD_LIBRARIES = YES;
				BUNDLE_LOADER = "$(TEST_HOST)";
				CODE_SIGN_STYLE = Automatic;
				DEVELOPMENT_TEAM = PRLP6W5S32;
				INFOPLIST_FILE = ForceTouchTests/Info.plist;
				LD_RUNPATH_SEARCH_PATHS = "$(inherited) @executable_path/Frameworks @loader_path/Frameworks";
				PRODUCT_BUNDLE_IDENTIFIER = com.larryhou.samples.ForceTouchTests;
				PRODUCT_NAME = "$(TARGET_NAME)";
				SWIFT_VERSION = 4.0;
				TARGETED_DEVICE_FAMILY = "1,2";
				TEST_HOST = "$(BUILT_PRODUCTS_DIR)/ForceTouch.app/ForceTouch";
			};
			name = Release;
		};
		6B79D5261F9F372A00E02A04 /* Debug */ = {
			isa = XCBuildConfiguration;
			buildSettings = {
				ALWAYS_EMBED_SWIFT_STANDARD_LIBRARIES = YES;
				CODE_SIGN_STYLE = Automatic;
				DEVELOPMENT_TEAM = PRLP6W5S32;
				INFOPLIST_FILE = ForceTouchUITests/Info.plist;
				LD_RUNPATH_SEARCH_PATHS = "$(inherited) @executable_path/Frameworks @loader_path/Frameworks";
				PRODUCT_BUNDLE_IDENTIFIER = com.larryhou.samples.ForceTouchUITests;
				PRODUCT_NAME = "$(TARGET_NAME)";
				SWIFT_VERSION = 4.0;
				TARGETED_DEVICE_FAMILY = "1,2";
				TEST_TARGET_NAME = ForceTouch;
			};
			name = Debug;
		};
		6B79D5271F9F372A00E02A04 /* Release */ = {
			isa = XCBuildConfiguration;
			buildSettings = {
				ALWAYS_EMBED_SWIFT_STANDARD_LIBRARIES = YES;
				CODE_SIGN_STYLE = Automatic;
				DEVELOPMENT_TEAM = PRLP6W5S32;
				INFOPLIST_FILE = ForceTouchUITests/Info.plist;
				LD_RUNPATH_SEARCH_PATHS = "$(inherited) @executable_path/Frameworks @loader_path/Frameworks";
				PRODUCT_BUNDLE_IDENTIFIER = com.larryhou.samples.ForceTouchUITests;
				PRODUCT_NAME = "$(TARGET_NAME)";
				SWIFT_VERSION = 4.0;
				TARGETED_DEVICE_FAMILY = "1,2";
				TEST_TARGET_NAME = ForceTouch;
			};
			name = Release;
		};
/* End XCBuildConfiguration section */

/* Begin XCConfigurationList section */
		6B79D4EF1F9F372A00E02A04 /* Build configuration list for PBXProject "ForceTouch" */ = {
			isa = XCConfigurationList;
			buildConfigurations = (
				6B79D51D1F9F372A00E02A04 /* Debug */,
				6B79D51E1F9F372A00E02A04 /* Release */,
			);
			defaultConfigurationIsVisible = 0;
			defaultConfigurationName = Release;
		};
		6B79D51F1F9F372A00E02A04 /* Build configuration list for PBXNativeTarget "ForceTouch" */ = {
			isa = XCConfigurationList;
			buildConfigurations = (
				6B79D5201F9F372A00E02A04 /* Debug */,
				6B79D5211F9F372A00E02A04 /* Release */,
			);
			defaultConfigurationIsVisible = 0;
			defaultConfigurationName = Release;
		};
		6B79D5221F9F372A00E02A04 /* Build configuration list for PBXNativeTarget "ForceTouchTests" */ = {
			isa = XCConfigurationList;
			buildConfigurations = (
				6B79D5231F9F372A00E02A04 /* Debug */,
				6B79D5241F9F372A00E02A04 /* Release */,
			);
			defaultConfigurationIsVisible = 0;
			defaultConfigurationName = Release;
		};
		6B79D5251F9F372A00E02A04 /* Build configuration list for PBXNativeTarget "ForceTouchUITests" */ = {
			isa = XCConfigurationList;
			buildConfigurations = (
				6B79D5261F9F372A00E02A04 /* Debug */,
				6B79D5271F9F372A00E02A04 /* Release */,
			);
			defaultConfigurationIsVisible = 0;
			defaultConfigurationName = Release;
		};
/* End XCConfigurationList section */

/* Begin XCVersionGroup section */
		6B79D4FE1F9F372A00E02A04 /* ForceTouch.xcdatamodeld */ = {
			isa = XCVersionGroup;
			children = (
				6B79D4FF1F9F372A00E02A04 /* ForceTouch.xcdatamodel */,
			);
			currentVersion = 6B79D4FF1F9F372A00E02A04 /* ForceTouch.xcdatamodel */;
			path = ForceTouch.xcdatamodeld;
			sourceTree = "<group>";
			versionGroupType = wrapper.xcdatamodel;
		};
/* End XCVersionGroup section */
	};
	rootObject = 6B79D4EC1F9F372A00E02A04 /* Project object */;
}
