// !$*UTF8*$!
{
	archiveVersion = 1;
	classes = {
	};
	objectVersion = 46;
	objects = {

/* Begin PBXBuildFile section */
		DBCE13A419DED82F0055AF23 /* AppDelegate.swift in Sources */ = {isa = PBXBuildFile; fileRef = DBCE13A319DED82F0055AF23 /* AppDelegate.swift */; };
		DBCE13A619DED82F0055AF23 /* ViewController.swift in Sources */ = {isa = PBXBuildFile; fileRef = DBCE13A519DED82F0055AF23 /* ViewController.swift */; };
		DBCE13A919DED82F0055AF23 /* Main.storyboard in Resources */ = {isa = PBXBuildFile; fileRef = DBCE13A719DED82F0055AF23 /* Main.storyboard */; };
		DBCE13AB19DED82F0055AF23 /* Images.xcassets in Resources */ = {isa = PBXBuildFile; fileRef = DBCE13AA19DED82F0055AF23 /* Images.xcassets */; };
		DBCE13AE19DED82F0055AF23 /* LaunchScreen.xib in Resources */ = {isa = PBXBuildFile; fileRef = DBCE13AC19DED82F0055AF23 /* LaunchScreen.xib */; };
		DBCE13BA19DED82F0055AF23 /* MemLeakTests.swift in Sources */ = {isa = PBXBuildFile; fileRef = DBCE13B919DED82F0055AF23 /* MemLeakTests.swift */; };
/* End PBXBuildFile section */

/* Begin PBXContainerItemProxy section */
		DBCE13B419DED82F0055AF23 /* PBXContainerItemProxy */ = {
			isa = PBXContainerItemProxy;
			containerPortal = DBCE139619DED82F0055AF23 /* Project object */;
			proxyType = 1;
			remoteGlobalIDString = DBCE139D19DED82F0055AF23;
			remoteInfo = MemLeak;
		};
/* End PBXContainerItemProxy section */

/* Begin PBXFileReference section */
		DBCE139E19DED82F0055AF23 /* MemLeak.app */ = {isa = PBXFileReference; explicitFileType = wrapper.application; includeInIndex = 0; path = MemLeak.app; sourceTree = BUILT_PRODUCTS_DIR; };
		DBCE13A219DED82F0055AF23 /* Info.plist */ = {isa = PBXFileReference; lastKnownFileType = text.plist.xml; path = Info.plist; sourceTree = "<group>"; };
		DBCE13A319DED82F0055AF23 /* AppDelegate.swift */ = {isa = PBXFileReference; lastKnownFileType = sourcecode.swift; path = AppDelegate.swift; sourceTree = "<group>"; };
		DBCE13A519DED82F0055AF23 /* ViewController.swift */ = {isa = PBXFileReference; lastKnownFileType = sourcecode.swift; path = ViewController.swift; sourceTree = "<group>"; };
		DBCE13A819DED82F0055AF23 /* Base */ = {isa = PBXFileReference; lastKnownFileType = file.storyboard; name = Base; path = Base.lproj/Main.storyboard; sourceTree = "<group>"; };
		DBCE13AA19DED82F0055AF23 /* Images.xcassets */ = {isa = PBXFileReference; lastKnownFileType = folder.assetcatalog; path = Images.xcassets; sourceTree = "<group>"; };
		DBCE13AD19DED82F0055AF23 /* Base */ = {isa = PBXFileReference; lastKnownFileType = file.xib; name = Base; path = Base.lproj/LaunchScreen.xib; sourceTree = "<group>"; };
		DBCE13B319DED82F0055AF23 /* MemLeakTests.xctest */ = {isa = PBXFileReference; explicitFileType = wrapper.cfbundle; includeInIndex = 0; path = MemLeakTests.xctest; sourceTree = BUILT_PRODUCTS_DIR; };
		DBCE13B819DED82F0055AF23 /* Info.plist */ = {isa = PBXFileReference; lastKnownFileType = text.plist.xml; path = Info.plist; sourceTree = "<group>"; };
		DBCE13B919DED82F0055AF23 /* MemLeakTests.swift */ = {isa = PBXFileReference; lastKnownFileType = sourcecode.swift; path = MemLeakTests.swift; sourceTree = "<group>"; };
/* End PBXFileReference section */

/* Begin PBXFrameworksBuildPhase section */
		DBCE139B19DED82F0055AF23 /* Frameworks */ = {
			isa = PBXFrameworksBuildPhase;
			buildActionMask = 2147483647;
			files = (
			);
			runOnlyForDeploymentPostprocessing = 0;
		};
		DBCE13B019DED82F0055AF23 /* Frameworks */ = {
			isa = PBXFrameworksBuildPhase;
			buildActionMask = 2147483647;
			files = (
			);
			runOnlyForDeploymentPostprocessing = 0;
		};
/* End PBXFrameworksBuildPhase section */

/* Begin PBXGroup section */
		DBCE139519DED82F0055AF23 = {
			isa = PBXGroup;
			children = (
				DBCE13A019DED82F0055AF23 /* MemLeak */,
				DBCE13B619DED82F0055AF23 /* MemLeakTests */,
				DBCE139F19DED82F0055AF23 /* Products */,
			);
			sourceTree = "<group>";
		};
		DBCE139F19DED82F0055AF23 /* Products */ = {
			isa = PBXGroup;
			children = (
				DBCE139E19DED82F0055AF23 /* MemLeak.app */,
				DBCE13B319DED82F0055AF23 /* MemLeakTests.xctest */,
			);
			name = Products;
			sourceTree = "<group>";
		};
		DBCE13A019DED82F0055AF23 /* MemLeak */ = {
			isa = PBXGroup;
			children = (
				DBCE13A319DED82F0055AF23 /* AppDelegate.swift */,
				DBCE13A519DED82F0055AF23 /* ViewController.swift */,
				DBCE13A719DED82F0055AF23 /* Main.storyboard */,
				DBCE13AA19DED82F0055AF23 /* Images.xcassets */,
				DBCE13AC19DED82F0055AF23 /* LaunchScreen.xib */,
				DBCE13A119DED82F0055AF23 /* Supporting Files */,
			);
			path = MemLeak;
			sourceTree = "<group>";
		};
		DBCE13A119DED82F0055AF23 /* Supporting Files */ = {
			isa = PBXGroup;
			children = (
				DBCE13A219DED82F0055AF23 /* Info.plist */,
			);
			name = "Supporting Files";
			sourceTree = "<group>";
		};
		DBCE13B619DED82F0055AF23 /* MemLeakTests */ = {
			isa = PBXGroup;
			children = (
				DBCE13B919DED82F0055AF23 /* MemLeakTests.swift */,
				DBCE13B719DED82F0055AF23 /* Supporting Files */,
			);
			path = MemLeakTests;
			sourceTree = "<group>";
		};
		DBCE13B719DED82F0055AF23 /* Supporting Files */ = {
			isa = PBXGroup;
			children = (
				DBCE13B819DED82F0055AF23 /* Info.plist */,
			);
			name = "Supporting Files";
			sourceTree = "<group>";
		};
/* End PBXGroup section */

/* Begin PBXNativeTarget section */
		DBCE139D19DED82F0055AF23 /* MemLeak */ = {
			isa = PBXNativeTarget;
			buildConfigurationList = DBCE13BD19DED82F0055AF23 /* Build configuration list for PBXNativeTarget "MemLeak" */;
			buildPhases = (
				DBCE139A19DED82F0055AF23 /* Sources */,
				DBCE139B19DED82F0055AF23 /* Frameworks */,
				DBCE139C19DED82F0055AF23 /* Resources */,
			);
			buildRules = (
			);
			dependencies = (
			);
			name = MemLeak;
			productName = MemLeak;
			productReference = DBCE139E19DED82F0055AF23 /* MemLeak.app */;
			productType = "com.apple.product-type.application";
		};
		DBCE13B219DED82F0055AF23 /* MemLeakTests */ = {
			isa = PBXNativeTarget;
			buildConfigurationList = DBCE13C019DED82F0055AF23 /* Build configuration list for PBXNativeTarget "MemLeakTests" */;
			buildPhases = (
				DBCE13AF19DED82F0055AF23 /* Sources */,
				DBCE13B019DED82F0055AF23 /* Frameworks */,
				DBCE13B119DED82F0055AF23 /* Resources */,
			);
			buildRules = (
			);
			dependencies = (
				DBCE13B519DED82F0055AF23 /* PBXTargetDependency */,
			);
			name = MemLeakTests;
			productName = MemLeakTests;
			productReference = DBCE13B319DED82F0055AF23 /* MemLeakTests.xctest */;
			productType = "com.apple.product-type.bundle.unit-test";
		};
/* End PBXNativeTarget section */

/* Begin PBXProject section */
		DBCE139619DED82F0055AF23 /* Project object */ = {
			isa = PBXProject;
			attributes = {
				LastUpgradeCheck = 0600;
				ORGANIZATIONNAME = larryhou;
				TargetAttributes = {
					DBCE139D19DED82F0055AF23 = {
						CreatedOnToolsVersion = 6.0;
					};
					DBCE13B219DED82F0055AF23 = {
						CreatedOnToolsVersion = 6.0;
						TestTargetID = DBCE139D19DED82F0055AF23;
					};
				};
			};
			buildConfigurationList = DBCE139919DED82F0055AF23 /* Build configuration list for PBXProject "MemLeak" */;
			compatibilityVersion = "Xcode 3.2";
			developmentRegion = English;
			hasScannedForEncodings = 0;
			knownRegions = (
				en,
				Base,
			);
			mainGroup = DBCE139519DED82F0055AF23;
			productRefGroup = DBCE139F19DED82F0055AF23 /* Products */;
			projectDirPath = "";
			projectRoot = "";
			targets = (
				DBCE139D19DED82F0055AF23 /* MemLeak */,
				DBCE13B219DED82F0055AF23 /* MemLeakTests */,
			);
		};
/* End PBXProject section */

/* Begin PBXResourcesBuildPhase section */
		DBCE139C19DED82F0055AF23 /* Resources */ = {
			isa = PBXResourcesBuildPhase;
			buildActionMask = 2147483647;
			files = (
				DBCE13A919DED82F0055AF23 /* Main.storyboard in Resources */,
				DBCE13AE19DED82F0055AF23 /* LaunchScreen.xib in Resources */,
				DBCE13AB19DED82F0055AF23 /* Images.xcassets in Resources */,
			);
			runOnlyForDeploymentPostprocessing = 0;
		};
		DBCE13B119DED82F0055AF23 /* Resources */ = {
			isa = PBXResourcesBuildPhase;
			buildActionMask = 2147483647;
			files = (
			);
			runOnlyForDeploymentPostprocessing = 0;
		};
/* End PBXResourcesBuildPhase section */

/* Begin PBXSourcesBuildPhase section */
		DBCE139A19DED82F0055AF23 /* Sources */ = {
			isa = PBXSourcesBuildPhase;
			buildActionMask = 2147483647;
			files = (
				DBCE13A619DED82F0055AF23 /* ViewController.swift in Sources */,
				DBCE13A419DED82F0055AF23 /* AppDelegate.swift in Sources */,
			);
			runOnlyForDeploymentPostprocessing = 0;
		};
		DBCE13AF19DED82F0055AF23 /* Sources */ = {
			isa = PBXSourcesBuildPhase;
			buildActionMask = 2147483647;
			files = (
				DBCE13BA19DED82F0055AF23 /* MemLeakTests.swift in Sources */,
			);
			runOnlyForDeploymentPostprocessing = 0;
		};
/* End PBXSourcesBuildPhase section */

/* Begin PBXTargetDependency section */
		DBCE13B519DED82F0055AF23 /* PBXTargetDependency */ = {
			isa = PBXTargetDependency;
			target = DBCE139D19DED82F0055AF23 /* MemLeak */;
			targetProxy = DBCE13B419DED82F0055AF23 /* PBXContainerItemProxy */;
		};
/* End PBXTargetDependency section */

/* Begin PBXVariantGroup section */
		DBCE13A719DED82F0055AF23 /* Main.storyboard */ = {
			isa = PBXVariantGroup;
			children = (
				DBCE13A819DED82F0055AF23 /* Base */,
			);
			name = Main.storyboard;
			sourceTree = "<group>";
		};
		DBCE13AC19DED82F0055AF23 /* LaunchScreen.xib */ = {
			isa = PBXVariantGroup;
			children = (
				DBCE13AD19DED82F0055AF23 /* Base */,
			);
			name = LaunchScreen.xib;
			sourceTree = "<group>";
		};
/* End PBXVariantGroup section */

/* Begin XCBuildConfiguration section */
		DBCE13BB19DED82F0055AF23 /* Debug */ = {
			isa = XCBuildConfiguration;
			buildSettings = {
				ALWAYS_SEARCH_USER_PATHS = NO;
				CLANG_CXX_LANGUAGE_STANDARD = "gnu++0x";
				CLANG_CXX_LIBRARY = "libc++";
				CLANG_ENABLE_MODULES = YES;
				CLANG_ENABLE_OBJC_ARC = YES;
				CLANG_WARN_BOOL_CONVERSION = YES;
				CLANG_WARN_CONSTANT_CONVERSION = YES;
				CLANG_WARN_DIRECT_OBJC_ISA_USAGE = YES_ERROR;
				CLANG_WARN_EMPTY_BODY = YES;
				CLANG_WARN_ENUM_CONVERSION = YES;
				CLANG_WARN_INT_CONVERSION = YES;
				CLANG_WARN_OBJC_ROOT_CLASS = YES_ERROR;
				CLANG_WARN_UNREACHABLE_CODE = YES;
				CLANG_WARN__DUPLICATE_METHOD_MATCH = YES;
				"CODE_SIGN_IDENTITY[sdk=iphoneos*]" = "iPhone Developer";
				COPY_PHASE_STRIP = NO;
				ENABLE_STRICT_OBJC_MSGSEND = YES;
				GCC_C_LANGUAGE_STANDARD = gnu99;
				GCC_DYNAMIC_NO_PIC = NO;
				GCC_OPTIMIZATION_LEVEL = 0;
				GCC_PREPROCESSOR_DEFINITIONS = (
					"DEBUG=1",
					"$(inherited)",
				);
				GCC_SYMBOLS_PRIVATE_EXTERN = NO;
				GCC_WARN_64_TO_32_BIT_CONVERSION = YES;
				GCC_WARN_ABOUT_RETURN_TYPE = YES_ERROR;
				GCC_WARN_UNDECLARED_SELECTOR = YES;
				GCC_WARN_UNINITIALIZED_AUTOS = YES_AGGRESSIVE;
				GCC_WARN_UNUSED_FUNCTION = YES;
				GCC_WARN_UNUSED_VARIABLE = YES;
				IPHONEOS_DEPLOYMENT_TARGET = 8.1;
				MTL_ENABLE_DEBUG_INFO = YES;
				ONLY_ACTIVE_ARCH = YES;
				SDKROOT = iphoneos;
				SWIFT_OPTIMIZATION_LEVEL = "-Onone";
				TARGETED_DEVICE_FAMILY = "1,2";
			};
			name = Debug;
		};
		DBCE13BC19DED82F0055AF23 /* Release */ = {
			isa = XCBuildConfiguration;
			buildSettings = {
				ALWAYS_SEARCH_USER_PATHS = NO;
				CLANG_CXX_LANGUAGE_STANDARD = "gnu++0x";
				CLANG_CXX_LIBRARY = "libc++";
				CLANG_ENABLE_MODULES = YES;
				CLANG_ENABLE_OBJC_ARC = YES;
				CLANG_WARN_BOOL_CONVERSION = YES;
				CLANG_WARN_CONSTANT_CONVERSION = YES;
				CLANG_WARN_DIRECT_OBJC_ISA_USAGE = YES_ERROR;
				CLANG_WARN_EMPTY_BODY = YES;
				CLANG_WARN_ENUM_CONVERSION = YES;
				CLANG_WARN_INT_CONVERSION = YES;
				CLANG_WARN_OBJC_ROOT_CLASS = YES_ERROR;
				CLANG_WARN_UNREACHABLE_CODE = YES;
				CLANG_WARN__DUPLICATE_METHOD_MATCH = YES;
				"CODE_SIGN_IDENTITY[sdk=iphoneos*]" = "iPhone Developer";
				COPY_PHASE_STRIP = YES;
				ENABLE_NS_ASSERTIONS = NO;
				ENABLE_STRICT_OBJC_MSGSEND = YES;
				GCC_C_LANGUAGE_STANDARD = gnu99;
				GCC_WARN_64_TO_32_BIT_CONVERSION = YES;
				GCC_WARN_ABOUT_RETURN_TYPE = YES_ERROR;
				GCC_WARN_UNDECLARED_SELECTOR = YES;
				GCC_WARN_UNINITIALIZED_AUTOS = YES_AGGRESSIVE;
				GCC_WARN_UNUSED_FUNCTION = YES;
				GCC_WARN_UNUSED_VARIABLE = YES;
				IPHONEOS_DEPLOYMENT_TARGET = 8.1;
				MTL_ENABLE_DEBUG_INFO = NO;
				SDKROOT = iphoneos;
				TARGETED_DEVICE_FAMILY = "1,2";
				VALIDATE_PRODUCT = YES;
			};
			name = Release;
		};
		DBCE13BE19DED82F0055AF23 /* Debug */ = {
			isa = XCBuildConfiguration;
			buildSettings = {
				ASSETCATALOG_COMPILER_APPICON_NAME = AppIcon;
				INFOPLIST_FILE = MemLeak/Info.plist;
				IPHONEOS_DEPLOYMENT_TARGET = 8.1;
				LD_RUNPATH_SEARCH_PATHS = "$(inherited) @executable_path/Frameworks";
				PRODUCT_NAME = "$(TARGET_NAME)";
			};
			name = Debug;
		};
		DBCE13BF19DED82F0055AF23 /* Release */ = {
			isa = XCBuildConfiguration;
			buildSettings = {
				ASSETCATALOG_COMPILER_APPICON_NAME = AppIcon;
				INFOPLIST_FILE = MemLeak/Info.plist;
				IPHONEOS_DEPLOYMENT_TARGET = 8.1;
				LD_RUNPATH_SEARCH_PATHS = "$(inherited) @executable_path/Frameworks";
				PRODUCT_NAME = "$(TARGET_NAME)";
			};
			name = Release;
		};
		DBCE13C119DED82F0055AF23 /* Debug */ = {
			isa = XCBuildConfiguration;
			buildSettings = {
				BUNDLE_LOADER = "$(TEST_HOST)";
				FRAMEWORK_SEARCH_PATHS = (
					"$(SDKROOT)/Developer/Library/Frameworks",
					"$(inherited)",
				);
				GCC_PREPROCESSOR_DEFINITIONS = (
					"DEBUG=1",
					"$(inherited)",
				);
				INFOPLIST_FILE = MemLeakTests/Info.plist;
				LD_RUNPATH_SEARCH_PATHS = "$(inherited) @executable_path/Frameworks @loader_path/Frameworks";
				PRODUCT_NAME = "$(TARGET_NAME)";
				TEST_HOST = "$(BUILT_PRODUCTS_DIR)/MemLeak.app/MemLeak";
			};
			name = Debug;
		};
		DBCE13C219DED82F0055AF23 /* Release */ = {
			isa = XCBuildConfiguration;
			buildSettings = {
				BUNDLE_LOADER = "$(TEST_HOST)";
				FRAMEWORK_SEARCH_PATHS = (
					"$(SDKROOT)/Developer/Library/Frameworks",
					"$(inherited)",
				);
				INFOPLIST_FILE = MemLeakTests/Info.plist;
				LD_RUNPATH_SEARCH_PATHS = "$(inherited) @executable_path/Frameworks @loader_path/Frameworks";
				PRODUCT_NAME = "$(TARGET_NAME)";
				TEST_HOST = "$(BUILT_PRODUCTS_DIR)/MemLeak.app/MemLeak";
			};
			name = Release;
		};
/* End XCBuildConfiguration section */

/* Begin XCConfigurationList section */
		DBCE139919DED82F0055AF23 /* Build configuration list for PBXProject "MemLeak" */ = {
			isa = XCConfigurationList;
			buildConfigurations = (
				DBCE13BB19DED82F0055AF23 /* Debug */,
				DBCE13BC19DED82F0055AF23 /* Release */,
			);
			defaultConfigurationIsVisible = 0;
			defaultConfigurationName = Release;
		};
		DBCE13BD19DED82F0055AF23 /* Build configuration list for PBXNativeTarget "MemLeak" */ = {
			isa = XCConfigurationList;
			buildConfigurations = (
				DBCE13BE19DED82F0055AF23 /* Debug */,
				DBCE13BF19DED82F0055AF23 /* Release */,
			);
			defaultConfigurationIsVisible = 0;
			defaultConfigurationName = Release;
		};
		DBCE13C019DED82F0055AF23 /* Build configuration list for PBXNativeTarget "MemLeakTests" */ = {
			isa = XCConfigurationList;
			buildConfigurations = (
				DBCE13C119DED82F0055AF23 /* Debug */,
				DBCE13C219DED82F0055AF23 /* Release */,
			);
			defaultConfigurationIsVisible = 0;
			defaultConfigurationName = Release;
		};
/* End XCConfigurationList section */
	};
	rootObject = DBCE139619DED82F0055AF23 /* Project object */;
}
