// !$*UTF8*$!
{
	archiveVersion = 1;
	classes = {
	};
	objectVersion = 46;
	objects = {

/* Begin PBXBuildFile section */
		6B37BCF219B98C9F007FD459 /* LocationInfoView.xib in Resources */ = {isa = PBXBuildFile; fileRef = 6B37BCF019B98C9F007FD459 /* LocationInfoView.xib */; };
		6BC8291D19AEC5C6004C742E /* MapAnnotation.swift in Sources */ = {isa = PBXBuildFile; fileRef = 6BC8291C19AEC5C6004C742E /* MapAnnotation.swift */; };
		DB192EC119B215A90070C9ED /* ChinaGPS.swift in Sources */ = {isa = PBXBuildFile; fileRef = DB192EC019B215A90070C9ED /* ChinaGPS.swift */; };
		DB84797E19ACDB2F00927B02 /* AppDelegate.swift in Sources */ = {isa = PBXBuildFile; fileRef = DB84797D19ACDB2F00927B02 /* AppDelegate.swift */; };
		DB84798019ACDB2F00927B02 /* RegionViewController.swift in Sources */ = {isa = PBXBuildFile; fileRef = DB84797F19ACDB2F00927B02 /* RegionViewController.swift */; };
		DB84798319ACDB2F00927B02 /* Main.storyboard in Resources */ = {isa = PBXBuildFile; fileRef = DB84798119ACDB2F00927B02 /* Main.storyboard */; };
		DB84798519ACDB2F00927B02 /* Images.xcassets in Resources */ = {isa = PBXBuildFile; fileRef = DB84798419ACDB2F00927B02 /* Images.xcassets */; };
		DB84799119ACDB2F00927B02 /* RegionsTests.swift in Sources */ = {isa = PBXBuildFile; fileRef = DB84799019ACDB2F00927B02 /* RegionsTests.swift */; };
		DB84799B19ACE48A00927B02 /* MapKit.framework in Frameworks */ = {isa = PBXBuildFile; fileRef = DB84799A19ACE48A00927B02 /* MapKit.framework */; };
/* End PBXBuildFile section */

/* Begin PBXContainerItemProxy section */
		DB84798B19ACDB2F00927B02 /* PBXContainerItemProxy */ = {
			isa = PBXContainerItemProxy;
			containerPortal = DB84797019ACDB2F00927B02 /* Project object */;
			proxyType = 1;
			remoteGlobalIDString = DB84797719ACDB2F00927B02;
			remoteInfo = Regions;
		};
/* End PBXContainerItemProxy section */

/* Begin PBXFileReference section */
		6B37BCF119B98C9F007FD459 /* Base */ = {isa = PBXFileReference; lastKnownFileType = file.xib; name = Base; path = Base.lproj/LocationInfoView.xib; sourceTree = "<group>"; };
		6BC8291C19AEC5C6004C742E /* MapAnnotation.swift */ = {isa = PBXFileReference; fileEncoding = 4; lastKnownFileType = sourcecode.swift; path = MapAnnotation.swift; sourceTree = "<group>"; };
		DB192EC019B215A90070C9ED /* ChinaGPS.swift */ = {isa = PBXFileReference; fileEncoding = 4; lastKnownFileType = sourcecode.swift; path = ChinaGPS.swift; sourceTree = "<group>"; };
		DB84797819ACDB2F00927B02 /* Regions.app */ = {isa = PBXFileReference; explicitFileType = wrapper.application; includeInIndex = 0; path = Regions.app; sourceTree = BUILT_PRODUCTS_DIR; };
		DB84797C19ACDB2F00927B02 /* Info.plist */ = {isa = PBXFileReference; lastKnownFileType = text.plist.xml; path = Info.plist; sourceTree = "<group>"; };
		DB84797D19ACDB2F00927B02 /* AppDelegate.swift */ = {isa = PBXFileReference; lastKnownFileType = sourcecode.swift; path = AppDelegate.swift; sourceTree = "<group>"; };
		DB84797F19ACDB2F00927B02 /* RegionViewController.swift */ = {isa = PBXFileReference; lastKnownFileType = sourcecode.swift; path = RegionViewController.swift; sourceTree = "<group>"; };
		DB84798219ACDB2F00927B02 /* Base */ = {isa = PBXFileReference; lastKnownFileType = file.storyboard; name = Base; path = Base.lproj/Main.storyboard; sourceTree = "<group>"; };
		DB84798419ACDB2F00927B02 /* Images.xcassets */ = {isa = PBXFileReference; lastKnownFileType = folder.assetcatalog; path = Images.xcassets; sourceTree = "<group>"; };
		DB84798A19ACDB2F00927B02 /* RegionsTests.xctest */ = {isa = PBXFileReference; explicitFileType = wrapper.cfbundle; includeInIndex = 0; path = RegionsTests.xctest; sourceTree = BUILT_PRODUCTS_DIR; };
		DB84798F19ACDB2F00927B02 /* Info.plist */ = {isa = PBXFileReference; lastKnownFileType = text.plist.xml; path = Info.plist; sourceTree = "<group>"; };
		DB84799019ACDB2F00927B02 /* RegionsTests.swift */ = {isa = PBXFileReference; lastKnownFileType = sourcecode.swift; path = RegionsTests.swift; sourceTree = "<group>"; };
		DB84799A19ACE48A00927B02 /* MapKit.framework */ = {isa = PBXFileReference; lastKnownFileType = wrapper.framework; name = MapKit.framework; path = System/Library/Frameworks/MapKit.framework; sourceTree = SDKROOT; };
/* End PBXFileReference section */

/* Begin PBXFrameworksBuildPhase section */
		DB84797519ACDB2F00927B02 /* Frameworks */ = {
			isa = PBXFrameworksBuildPhase;
			buildActionMask = 2147483647;
			files = (
				DB84799B19ACE48A00927B02 /* MapKit.framework in Frameworks */,
			);
			runOnlyForDeploymentPostprocessing = 0;
		};
		DB84798719ACDB2F00927B02 /* Frameworks */ = {
			isa = PBXFrameworksBuildPhase;
			buildActionMask = 2147483647;
			files = (
			);
			runOnlyForDeploymentPostprocessing = 0;
		};
/* End PBXFrameworksBuildPhase section */

/* Begin PBXGroup section */
		6BC8291B19ADA9D8004C742E /* Frameworks */ = {
			isa = PBXGroup;
			children = (
				DB84799A19ACE48A00927B02 /* MapKit.framework */,
			);
			name = Frameworks;
			sourceTree = "<group>";
		};
		6BC8291E19AEC5E2004C742E /* swift */ = {
			isa = PBXGroup;
			children = (
				DB84797D19ACDB2F00927B02 /* AppDelegate.swift */,
				DB84797F19ACDB2F00927B02 /* RegionViewController.swift */,
				6BC8291C19AEC5C6004C742E /* MapAnnotation.swift */,
				DB192EC019B215A90070C9ED /* ChinaGPS.swift */,
			);
			name = swift;
			sourceTree = "<group>";
		};
		DB84796F19ACDB2F00927B02 = {
			isa = PBXGroup;
			children = (
				DB84797A19ACDB2F00927B02 /* Regions */,
				DB84798D19ACDB2F00927B02 /* RegionsTests */,
				6BC8291B19ADA9D8004C742E /* Frameworks */,
				DB84797919ACDB2F00927B02 /* Products */,
			);
			sourceTree = "<group>";
		};
		DB84797919ACDB2F00927B02 /* Products */ = {
			isa = PBXGroup;
			children = (
				DB84797819ACDB2F00927B02 /* Regions.app */,
				DB84798A19ACDB2F00927B02 /* RegionsTests.xctest */,
			);
			name = Products;
			sourceTree = "<group>";
		};
		DB84797A19ACDB2F00927B02 /* Regions */ = {
			isa = PBXGroup;
			children = (
				6BC8291E19AEC5E2004C742E /* swift */,
				DB84798119ACDB2F00927B02 /* Main.storyboard */,
				6B37BCF019B98C9F007FD459 /* LocationInfoView.xib */,
				DB84798419ACDB2F00927B02 /* Images.xcassets */,
				DB84797B19ACDB2F00927B02 /* Supporting Files */,
			);
			path = Regions;
			sourceTree = "<group>";
		};
		DB84797B19ACDB2F00927B02 /* Supporting Files */ = {
			isa = PBXGroup;
			children = (
				DB84797C19ACDB2F00927B02 /* Info.plist */,
			);
			name = "Supporting Files";
			sourceTree = "<group>";
		};
		DB84798D19ACDB2F00927B02 /* RegionsTests */ = {
			isa = PBXGroup;
			children = (
				DB84799019ACDB2F00927B02 /* RegionsTests.swift */,
				DB84798E19ACDB2F00927B02 /* Supporting Files */,
			);
			path = RegionsTests;
			sourceTree = "<group>";
		};
		DB84798E19ACDB2F00927B02 /* Supporting Files */ = {
			isa = PBXGroup;
			children = (
				DB84798F19ACDB2F00927B02 /* Info.plist */,
			);
			name = "Supporting Files";
			sourceTree = "<group>";
		};
/* End PBXGroup section */

/* Begin PBXNativeTarget section */
		DB84797719ACDB2F00927B02 /* Regions */ = {
			isa = PBXNativeTarget;
			buildConfigurationList = DB84799419ACDB2F00927B02 /* Build configuration list for PBXNativeTarget "Regions" */;
			buildPhases = (
				DB84797419ACDB2F00927B02 /* Sources */,
				DB84797519ACDB2F00927B02 /* Frameworks */,
				DB84797619ACDB2F00927B02 /* Resources */,
			);
			buildRules = (
			);
			dependencies = (
			);
			name = Regions;
			productName = Regions;
			productReference = DB84797819ACDB2F00927B02 /* Regions.app */;
			productType = "com.apple.product-type.application";
		};
		DB84798919ACDB2F00927B02 /* RegionsTests */ = {
			isa = PBXNativeTarget;
			buildConfigurationList = DB84799719ACDB2F00927B02 /* Build configuration list for PBXNativeTarget "RegionsTests" */;
			buildPhases = (
				DB84798619ACDB2F00927B02 /* Sources */,
				DB84798719ACDB2F00927B02 /* Frameworks */,
				DB84798819ACDB2F00927B02 /* Resources */,
			);
			buildRules = (
			);
			dependencies = (
				DB84798C19ACDB2F00927B02 /* PBXTargetDependency */,
			);
			name = RegionsTests;
			productName = RegionsTests;
			productReference = DB84798A19ACDB2F00927B02 /* RegionsTests.xctest */;
			productType = "com.apple.product-type.bundle.unit-test";
		};
/* End PBXNativeTarget section */

/* Begin PBXProject section */
		DB84797019ACDB2F00927B02 /* Project object */ = {
			isa = PBXProject;
			attributes = {
				LastUpgradeCheck = 0600;
				ORGANIZATIONNAME = larryhou;
				TargetAttributes = {
					DB84797719ACDB2F00927B02 = {
						CreatedOnToolsVersion = 6.0;
					};
					DB84798919ACDB2F00927B02 = {
						CreatedOnToolsVersion = 6.0;
						TestTargetID = DB84797719ACDB2F00927B02;
					};
				};
			};
			buildConfigurationList = DB84797319ACDB2F00927B02 /* Build configuration list for PBXProject "Regions" */;
			compatibilityVersion = "Xcode 3.2";
			developmentRegion = English;
			hasScannedForEncodings = 0;
			knownRegions = (
				en,
				Base,
			);
			mainGroup = DB84796F19ACDB2F00927B02;
			productRefGroup = DB84797919ACDB2F00927B02 /* Products */;
			projectDirPath = "";
			projectRoot = "";
			targets = (
				DB84797719ACDB2F00927B02 /* Regions */,
				DB84798919ACDB2F00927B02 /* RegionsTests */,
			);
		};
/* End PBXProject section */

/* Begin PBXResourcesBuildPhase section */
		DB84797619ACDB2F00927B02 /* Resources */ = {
			isa = PBXResourcesBuildPhase;
			buildActionMask = 2147483647;
			files = (
				6B37BCF219B98C9F007FD459 /* LocationInfoView.xib in Resources */,
				DB84798319ACDB2F00927B02 /* Main.storyboard in Resources */,
				DB84798519ACDB2F00927B02 /* Images.xcassets in Resources */,
			);
			runOnlyForDeploymentPostprocessing = 0;
		};
		DB84798819ACDB2F00927B02 /* Resources */ = {
			isa = PBXResourcesBuildPhase;
			buildActionMask = 2147483647;
			files = (
			);
			runOnlyForDeploymentPostprocessing = 0;
		};
/* End PBXResourcesBuildPhase section */

/* Begin PBXSourcesBuildPhase section */
		DB84797419ACDB2F00927B02 /* Sources */ = {
			isa = PBXSourcesBuildPhase;
			buildActionMask = 2147483647;
			files = (
				DB192EC119B215A90070C9ED /* ChinaGPS.swift in Sources */,
				DB84798019ACDB2F00927B02 /* RegionViewController.swift in Sources */,
				DB84797E19ACDB2F00927B02 /* AppDelegate.swift in Sources */,
				6BC8291D19AEC5C6004C742E /* MapAnnotation.swift in Sources */,
			);
			runOnlyForDeploymentPostprocessing = 0;
		};
		DB84798619ACDB2F00927B02 /* Sources */ = {
			isa = PBXSourcesBuildPhase;
			buildActionMask = 2147483647;
			files = (
				DB84799119ACDB2F00927B02 /* RegionsTests.swift in Sources */,
			);
			runOnlyForDeploymentPostprocessing = 0;
		};
/* End PBXSourcesBuildPhase section */

/* Begin PBXTargetDependency section */
		DB84798C19ACDB2F00927B02 /* PBXTargetDependency */ = {
			isa = PBXTargetDependency;
			target = DB84797719ACDB2F00927B02 /* Regions */;
			targetProxy = DB84798B19ACDB2F00927B02 /* PBXContainerItemProxy */;
		};
/* End PBXTargetDependency section */

/* Begin PBXVariantGroup section */
		6B37BCF019B98C9F007FD459 /* LocationInfoView.xib */ = {
			isa = PBXVariantGroup;
			children = (
				6B37BCF119B98C9F007FD459 /* Base */,
			);
			name = LocationInfoView.xib;
			sourceTree = "<group>";
		};
		DB84798119ACDB2F00927B02 /* Main.storyboard */ = {
			isa = PBXVariantGroup;
			children = (
				DB84798219ACDB2F00927B02 /* Base */,
			);
			name = Main.storyboard;
			sourceTree = "<group>";
		};
/* End PBXVariantGroup section */

/* Begin XCBuildConfiguration section */
		DB84799219ACDB2F00927B02 /* Debug */ = {
			isa = XCBuildConfiguration;
			buildSettings = {
				ALWAYS_SEARCH_USER_PATHS = NO;
				CLANG_CXX_LANGUAGE_STANDARD = "gnu++0x";
				CLANG_CXX_LIBRARY = "libc++";
				CLANG_ENABLE_MODULES = YES;
				CLANG_ENABLE_OBJC_ARC = YES;
				CLANG_WARN_BOOL_CONVERSION = YES;
				CLANG_WARN_CONSTANT_CONVERSION = YES;
				CLANG_WARN_DIRECT_OBJC_ISA_USAGE = YES_ERROR;
				CLANG_WARN_EMPTY_BODY = YES;
				CLANG_WARN_ENUM_CONVERSION = YES;
				CLANG_WARN_INT_CONVERSION = YES;
				CLANG_WARN_OBJC_ROOT_CLASS = YES_ERROR;
				CLANG_WARN_UNREACHABLE_CODE = YES;
				CLANG_WARN__DUPLICATE_METHOD_MATCH = YES;
				"CODE_SIGN_IDENTITY[sdk=iphoneos*]" = "iPhone Developer";
				COPY_PHASE_STRIP = NO;
				ENABLE_STRICT_OBJC_MSGSEND = YES;
				GCC_C_LANGUAGE_STANDARD = gnu99;
				GCC_DYNAMIC_NO_PIC = NO;
				GCC_OPTIMIZATION_LEVEL = 0;
				GCC_PREPROCESSOR_DEFINITIONS = (
					"DEBUG=1",
					"$(inherited)",
				);
				GCC_SYMBOLS_PRIVATE_EXTERN = NO;
				GCC_WARN_64_TO_32_BIT_CONVERSION = YES;
				GCC_WARN_ABOUT_RETURN_TYPE = YES_ERROR;
				GCC_WARN_UNDECLARED_SELECTOR = YES;
				GCC_WARN_UNINITIALIZED_AUTOS = YES_AGGRESSIVE;
				GCC_WARN_UNUSED_FUNCTION = YES;
				GCC_WARN_UNUSED_VARIABLE = YES;
				IPHONEOS_DEPLOYMENT_TARGET = 8.0;
				MTL_ENABLE_DEBUG_INFO = YES;
				ONLY_ACTIVE_ARCH = YES;
				SDKROOT = iphoneos;
				SWIFT_OPTIMIZATION_LEVEL = "-Onone";
				TARGETED_DEVICE_FAMILY = "1,2";
			};
			name = Debug;
		};
		DB84799319ACDB2F00927B02 /* Release */ = {
			isa = XCBuildConfiguration;
			buildSettings = {
				ALWAYS_SEARCH_USER_PATHS = NO;
				CLANG_CXX_LANGUAGE_STANDARD = "gnu++0x";
				CLANG_CXX_LIBRARY = "libc++";
				CLANG_ENABLE_MODULES = YES;
				CLANG_ENABLE_OBJC_ARC = YES;
				CLANG_WARN_BOOL_CONVERSION = YES;
				CLANG_WARN_CONSTANT_CONVERSION = YES;
				CLANG_WARN_DIRECT_OBJC_ISA_USAGE = YES_ERROR;
				CLANG_WARN_EMPTY_BODY = YES;
				CLANG_WARN_ENUM_CONVERSION = YES;
				CLANG_WARN_INT_CONVERSION = YES;
				CLANG_WARN_OBJC_ROOT_CLASS = YES_ERROR;
				CLANG_WARN_UNREACHABLE_CODE = YES;
				CLANG_WARN__DUPLICATE_METHOD_MATCH = YES;
				"CODE_SIGN_IDENTITY[sdk=iphoneos*]" = "iPhone Developer";
				COPY_PHASE_STRIP = YES;
				ENABLE_NS_ASSERTIONS = NO;
				ENABLE_STRICT_OBJC_MSGSEND = YES;
				GCC_C_LANGUAGE_STANDARD = gnu99;
				GCC_WARN_64_TO_32_BIT_CONVERSION = YES;
				GCC_WARN_ABOUT_RETURN_TYPE = YES_ERROR;
				GCC_WARN_UNDECLARED_SELECTOR = YES;
				GCC_WARN_UNINITIALIZED_AUTOS = YES_AGGRESSIVE;
				GCC_WARN_UNUSED_FUNCTION = YES;
				GCC_WARN_UNUSED_VARIABLE = YES;
				IPHONEOS_DEPLOYMENT_TARGET = 8.0;
				MTL_ENABLE_DEBUG_INFO = NO;
				SDKROOT = iphoneos;
				TARGETED_DEVICE_FAMILY = "1,2";
				VALIDATE_PRODUCT = YES;
			};
			name = Release;
		};
		DB84799519ACDB2F00927B02 /* Debug */ = {
			isa = XCBuildConfiguration;
			buildSettings = {
				ASSETCATALOG_COMPILER_APPICON_NAME = AppIcon;
				ASSETCATALOG_COMPILER_LAUNCHIMAGE_NAME = LaunchImage;
				INFOPLIST_FILE = Regions/Info.plist;
				LD_RUNPATH_SEARCH_PATHS = "$(inherited) @executable_path/Frameworks";
				PRODUCT_NAME = "$(TARGET_NAME)";
			};
			name = Debug;
		};
		DB84799619ACDB2F00927B02 /* Release */ = {
			isa = XCBuildConfiguration;
			buildSettings = {
				ASSETCATALOG_COMPILER_APPICON_NAME = AppIcon;
				ASSETCATALOG_COMPILER_LAUNCHIMAGE_NAME = LaunchImage;
				INFOPLIST_FILE = Regions/Info.plist;
				LD_RUNPATH_SEARCH_PATHS = "$(inherited) @executable_path/Frameworks";
				PRODUCT_NAME = "$(TARGET_NAME)";
			};
			name = Release;
		};
		DB84799819ACDB2F00927B02 /* Debug */ = {
			isa = XCBuildConfiguration;
			buildSettings = {
				BUNDLE_LOADER = "$(TEST_HOST)";
				FRAMEWORK_SEARCH_PATHS = (
					"$(SDKROOT)/Developer/Library/Frameworks",
					"$(inherited)",
				);
				GCC_PREPROCESSOR_DEFINITIONS = (
					"DEBUG=1",
					"$(inherited)",
				);
				INFOPLIST_FILE = RegionsTests/Info.plist;
				LD_RUNPATH_SEARCH_PATHS = "$(inherited) @executable_path/Frameworks @loader_path/Frameworks";
				PRODUCT_NAME = "$(TARGET_NAME)";
				TEST_HOST = "$(BUILT_PRODUCTS_DIR)/Regions.app/Regions";
			};
			name = Debug;
		};
		DB84799919ACDB2F00927B02 /* Release */ = {
			isa = XCBuildConfiguration;
			buildSettings = {
				BUNDLE_LOADER = "$(TEST_HOST)";
				FRAMEWORK_SEARCH_PATHS = (
					"$(SDKROOT)/Developer/Library/Frameworks",
					"$(inherited)",
				);
				INFOPLIST_FILE = RegionsTests/Info.plist;
				LD_RUNPATH_SEARCH_PATHS = "$(inherited) @executable_path/Frameworks @loader_path/Frameworks";
				PRODUCT_NAME = "$(TARGET_NAME)";
				TEST_HOST = "$(BUILT_PRODUCTS_DIR)/Regions.app/Regions";
			};
			name = Release;
		};
/* End XCBuildConfiguration section */

/* Begin XCConfigurationList section */
		DB84797319ACDB2F00927B02 /* Build configuration list for PBXProject "Regions" */ = {
			isa = XCConfigurationList;
			buildConfigurations = (
				DB84799219ACDB2F00927B02 /* Debug */,
				DB84799319ACDB2F00927B02 /* Release */,
			);
			defaultConfigurationIsVisible = 0;
			defaultConfigurationName = Release;
		};
		DB84799419ACDB2F00927B02 /* Build configuration list for PBXNativeTarget "Regions" */ = {
			isa = XCConfigurationList;
			buildConfigurations = (
				DB84799519ACDB2F00927B02 /* Debug */,
				DB84799619ACDB2F00927B02 /* Release */,
			);
			defaultConfigurationIsVisible = 0;
			defaultConfigurationName = Release;
		};
		DB84799719ACDB2F00927B02 /* Build configuration list for PBXNativeTarget "RegionsTests" */ = {
			isa = XCConfigurationList;
			buildConfigurations = (
				DB84799819ACDB2F00927B02 /* Debug */,
				DB84799919ACDB2F00927B02 /* Release */,
			);
			defaultConfigurationIsVisible = 0;
			defaultConfigurationName = Release;
		};
/* End XCConfigurationList section */
	};
	rootObject = DB84797019ACDB2F00927B02 /* Project object */;
}
