// !$*UTF8*$!
{
	archiveVersion = 1;
	classes = {
	};
	objectVersion = 46;
	objects = {

/* Begin PBXBuildFile section */
		6B019B7619CABAFA00FAF0DF /* AppDelegate.swift in Sources */ = {isa = PBXBuildFile; fileRef = 6B019B7519CABAFA00FAF0DF /* AppDelegate.swift */; };
		6B019B7819CABAFA00FAF0DF /* ViewController.swift in Sources */ = {isa = PBXBuildFile; fileRef = 6B019B7719CABAFA00FAF0DF /* ViewController.swift */; };
		6B019B7B19CABAFA00FAF0DF /* Main.storyboard in Resources */ = {isa = PBXBuildFile; fileRef = 6B019B7919CABAFA00FAF0DF /* Main.storyboard */; };
		6B019B7D19CABAFA00FAF0DF /* Images.xcassets in Resources */ = {isa = PBXBuildFile; fileRef = 6B019B7C19CABAFA00FAF0DF /* Images.xcassets */; };
		6B019B8019CABAFA00FAF0DF /* LaunchScreen.xib in Resources */ = {isa = PBXBuildFile; fileRef = 6B019B7E19CABAFA00FAF0DF /* LaunchScreen.xib */; };
		6B019B8C19CABAFA00FAF0DF /* TeslameterTests.swift in Sources */ = {isa = PBXBuildFile; fileRef = 6B019B8B19CABAFA00FAF0DF /* TeslameterTests.swift */; };
		6B019B9619CB19DB00FAF0DF /* TeslaGraphView.swift in Sources */ = {isa = PBXBuildFile; fileRef = 6B019B9519CB19DB00FAF0DF /* TeslaGraphView.swift */; };
/* End PBXBuildFile section */

/* Begin PBXContainerItemProxy section */
		6B019B8619CABAFA00FAF0DF /* PBXContainerItemProxy */ = {
			isa = PBXContainerItemProxy;
			containerPortal = 6B019B6819CABAFA00FAF0DF /* Project object */;
			proxyType = 1;
			remoteGlobalIDString = 6B019B6F19CABAFA00FAF0DF;
			remoteInfo = Teslameter;
		};
/* End PBXContainerItemProxy section */

/* Begin PBXFileReference section */
		6B019B7019CABAFA00FAF0DF /* Teslameter.app */ = {isa = PBXFileReference; explicitFileType = wrapper.application; includeInIndex = 0; path = Teslameter.app; sourceTree = BUILT_PRODUCTS_DIR; };
		6B019B7419CABAFA00FAF0DF /* Info.plist */ = {isa = PBXFileReference; lastKnownFileType = text.plist.xml; path = Info.plist; sourceTree = "<group>"; };
		6B019B7519CABAFA00FAF0DF /* AppDelegate.swift */ = {isa = PBXFileReference; lastKnownFileType = sourcecode.swift; path = AppDelegate.swift; sourceTree = "<group>"; };
		6B019B7719CABAFA00FAF0DF /* ViewController.swift */ = {isa = PBXFileReference; lastKnownFileType = sourcecode.swift; path = ViewController.swift; sourceTree = "<group>"; };
		6B019B7A19CABAFA00FAF0DF /* Base */ = {isa = PBXFileReference; lastKnownFileType = file.storyboard; name = Base; path = Base.lproj/Main.storyboard; sourceTree = "<group>"; };
		6B019B7C19CABAFA00FAF0DF /* Images.xcassets */ = {isa = PBXFileReference; lastKnownFileType = folder.assetcatalog; path = Images.xcassets; sourceTree = "<group>"; };
		6B019B7F19CABAFA00FAF0DF /* Base */ = {isa = PBXFileReference; lastKnownFileType = file.xib; name = Base; path = Base.lproj/LaunchScreen.xib; sourceTree = "<group>"; };
		6B019B8519CABAFA00FAF0DF /* TeslameterTests.xctest */ = {isa = PBXFileReference; explicitFileType = wrapper.cfbundle; includeInIndex = 0; path = TeslameterTests.xctest; sourceTree = BUILT_PRODUCTS_DIR; };
		6B019B8A19CABAFA00FAF0DF /* Info.plist */ = {isa = PBXFileReference; lastKnownFileType = text.plist.xml; path = Info.plist; sourceTree = "<group>"; };
		6B019B8B19CABAFA00FAF0DF /* TeslameterTests.swift */ = {isa = PBXFileReference; lastKnownFileType = sourcecode.swift; path = TeslameterTests.swift; sourceTree = "<group>"; };
		6B019B9519CB19DB00FAF0DF /* TeslaGraphView.swift */ = {isa = PBXFileReference; fileEncoding = 4; lastKnownFileType = sourcecode.swift; path = TeslaGraphView.swift; sourceTree = "<group>"; };
/* End PBXFileReference section */

/* Begin PBXFrameworksBuildPhase section */
		6B019B6D19CABAFA00FAF0DF /* Frameworks */ = {
			isa = PBXFrameworksBuildPhase;
			buildActionMask = 2147483647;
			files = (
			);
			runOnlyForDeploymentPostprocessing = 0;
		};
		6B019B8219CABAFA00FAF0DF /* Frameworks */ = {
			isa = PBXFrameworksBuildPhase;
			buildActionMask = 2147483647;
			files = (
			);
			runOnlyForDeploymentPostprocessing = 0;
		};
/* End PBXFrameworksBuildPhase section */

/* Begin PBXGroup section */
		6B019B6719CABAFA00FAF0DF = {
			isa = PBXGroup;
			children = (
				6B019B7219CABAFA00FAF0DF /* Teslameter */,
				6B019B8819CABAFA00FAF0DF /* TeslameterTests */,
				6B019B7119CABAFA00FAF0DF /* Products */,
			);
			sourceTree = "<group>";
		};
		6B019B7119CABAFA00FAF0DF /* Products */ = {
			isa = PBXGroup;
			children = (
				6B019B7019CABAFA00FAF0DF /* Teslameter.app */,
				6B019B8519CABAFA00FAF0DF /* TeslameterTests.xctest */,
			);
			name = Products;
			sourceTree = "<group>";
		};
		6B019B7219CABAFA00FAF0DF /* Teslameter */ = {
			isa = PBXGroup;
			children = (
				6B019B7519CABAFA00FAF0DF /* AppDelegate.swift */,
				6B019B7719CABAFA00FAF0DF /* ViewController.swift */,
				6B019B9519CB19DB00FAF0DF /* TeslaGraphView.swift */,
				6B019B7919CABAFA00FAF0DF /* Main.storyboard */,
				6B019B7C19CABAFA00FAF0DF /* Images.xcassets */,
				6B019B7E19CABAFA00FAF0DF /* LaunchScreen.xib */,
				6B019B7319CABAFA00FAF0DF /* Supporting Files */,
			);
			path = Teslameter;
			sourceTree = "<group>";
		};
		6B019B7319CABAFA00FAF0DF /* Supporting Files */ = {
			isa = PBXGroup;
			children = (
				6B019B7419CABAFA00FAF0DF /* Info.plist */,
			);
			name = "Supporting Files";
			sourceTree = "<group>";
		};
		6B019B8819CABAFA00FAF0DF /* TeslameterTests */ = {
			isa = PBXGroup;
			children = (
				6B019B8B19CABAFA00FAF0DF /* TeslameterTests.swift */,
				6B019B8919CABAFA00FAF0DF /* Supporting Files */,
			);
			path = TeslameterTests;
			sourceTree = "<group>";
		};
		6B019B8919CABAFA00FAF0DF /* Supporting Files */ = {
			isa = PBXGroup;
			children = (
				6B019B8A19CABAFA00FAF0DF /* Info.plist */,
			);
			name = "Supporting Files";
			sourceTree = "<group>";
		};
/* End PBXGroup section */

/* Begin PBXNativeTarget section */
		6B019B6F19CABAFA00FAF0DF /* Teslameter */ = {
			isa = PBXNativeTarget;
			buildConfigurationList = 6B019B8F19CABAFA00FAF0DF /* Build configuration list for PBXNativeTarget "Teslameter" */;
			buildPhases = (
				6B019B6C19CABAFA00FAF0DF /* Sources */,
				6B019B6D19CABAFA00FAF0DF /* Frameworks */,
				6B019B6E19CABAFA00FAF0DF /* Resources */,
			);
			buildRules = (
			);
			dependencies = (
			);
			name = Teslameter;
			productName = Teslameter;
			productReference = 6B019B7019CABAFA00FAF0DF /* Teslameter.app */;
			productType = "com.apple.product-type.application";
		};
		6B019B8419CABAFA00FAF0DF /* TeslameterTests */ = {
			isa = PBXNativeTarget;
			buildConfigurationList = 6B019B9219CABAFA00FAF0DF /* Build configuration list for PBXNativeTarget "TeslameterTests" */;
			buildPhases = (
				6B019B8119CABAFA00FAF0DF /* Sources */,
				6B019B8219CABAFA00FAF0DF /* Frameworks */,
				6B019B8319CABAFA00FAF0DF /* Resources */,
			);
			buildRules = (
			);
			dependencies = (
				6B019B8719CABAFA00FAF0DF /* PBXTargetDependency */,
			);
			name = TeslameterTests;
			productName = TeslameterTests;
			productReference = 6B019B8519CABAFA00FAF0DF /* TeslameterTests.xctest */;
			productType = "com.apple.product-type.bundle.unit-test";
		};
/* End PBXNativeTarget section */

/* Begin PBXProject section */
		6B019B6819CABAFA00FAF0DF /* Project object */ = {
			isa = PBXProject;
			attributes = {
				LastUpgradeCheck = 0600;
				ORGANIZATIONNAME = larryhou;
				TargetAttributes = {
					6B019B6F19CABAFA00FAF0DF = {
						CreatedOnToolsVersion = 6.0.1;
					};
					6B019B8419CABAFA00FAF0DF = {
						CreatedOnToolsVersion = 6.0.1;
						TestTargetID = 6B019B6F19CABAFA00FAF0DF;
					};
				};
			};
			buildConfigurationList = 6B019B6B19CABAFA00FAF0DF /* Build configuration list for PBXProject "Teslameter" */;
			compatibilityVersion = "Xcode 3.2";
			developmentRegion = English;
			hasScannedForEncodings = 0;
			knownRegions = (
				en,
				Base,
			);
			mainGroup = 6B019B6719CABAFA00FAF0DF;
			productRefGroup = 6B019B7119CABAFA00FAF0DF /* Products */;
			projectDirPath = "";
			projectRoot = "";
			targets = (
				6B019B6F19CABAFA00FAF0DF /* Teslameter */,
				6B019B8419CABAFA00FAF0DF /* TeslameterTests */,
			);
		};
/* End PBXProject section */

/* Begin PBXResourcesBuildPhase section */
		6B019B6E19CABAFA00FAF0DF /* Resources */ = {
			isa = PBXResourcesBuildPhase;
			buildActionMask = 2147483647;
			files = (
				6B019B7B19CABAFA00FAF0DF /* Main.storyboard in Resources */,
				6B019B8019CABAFA00FAF0DF /* LaunchScreen.xib in Resources */,
				6B019B7D19CABAFA00FAF0DF /* Images.xcassets in Resources */,
			);
			runOnlyForDeploymentPostprocessing = 0;
		};
		6B019B8319CABAFA00FAF0DF /* Resources */ = {
			isa = PBXResourcesBuildPhase;
			buildActionMask = 2147483647;
			files = (
			);
			runOnlyForDeploymentPostprocessing = 0;
		};
/* End PBXResourcesBuildPhase section */

/* Begin PBXSourcesBuildPhase section */
		6B019B6C19CABAFA00FAF0DF /* Sources */ = {
			isa = PBXSourcesBuildPhase;
			buildActionMask = 2147483647;
			files = (
				6B019B7819CABAFA00FAF0DF /* ViewController.swift in Sources */,
				6B019B7619CABAFA00FAF0DF /* AppDelegate.swift in Sources */,
				6B019B9619CB19DB00FAF0DF /* TeslaGraphView.swift in Sources */,
			);
			runOnlyForDeploymentPostprocessing = 0;
		};
		6B019B8119CABAFA00FAF0DF /* Sources */ = {
			isa = PBXSourcesBuildPhase;
			buildActionMask = 2147483647;
			files = (
				6B019B8C19CABAFA00FAF0DF /* TeslameterTests.swift in Sources */,
			);
			runOnlyForDeploymentPostprocessing = 0;
		};
/* End PBXSourcesBuildPhase section */

/* Begin PBXTargetDependency section */
		6B019B8719CABAFA00FAF0DF /* PBXTargetDependency */ = {
			isa = PBXTargetDependency;
			target = 6B019B6F19CABAFA00FAF0DF /* Teslameter */;
			targetProxy = 6B019B8619CABAFA00FAF0DF /* PBXContainerItemProxy */;
		};
/* End PBXTargetDependency section */

/* Begin PBXVariantGroup section */
		6B019B7919CABAFA00FAF0DF /* Main.storyboard */ = {
			isa = PBXVariantGroup;
			children = (
				6B019B7A19CABAFA00FAF0DF /* Base */,
			);
			name = Main.storyboard;
			sourceTree = "<group>";
		};
		6B019B7E19CABAFA00FAF0DF /* LaunchScreen.xib */ = {
			isa = PBXVariantGroup;
			children = (
				6B019B7F19CABAFA00FAF0DF /* Base */,
			);
			name = LaunchScreen.xib;
			sourceTree = "<group>";
		};
/* End PBXVariantGroup section */

/* Begin XCBuildConfiguration section */
		6B019B8D19CABAFA00FAF0DF /* Debug */ = {
			isa = XCBuildConfiguration;
			buildSettings = {
				ALWAYS_SEARCH_USER_PATHS = NO;
				CLANG_CXX_LANGUAGE_STANDARD = "gnu++0x";
				CLANG_CXX_LIBRARY = "libc++";
				CLANG_ENABLE_MODULES = YES;
				CLANG_ENABLE_OBJC_ARC = YES;
				CLANG_WARN_BOOL_CONVERSION = YES;
				CLANG_WARN_CONSTANT_CONVERSION = YES;
				CLANG_WARN_DIRECT_OBJC_ISA_USAGE = YES_ERROR;
				CLANG_WARN_EMPTY_BODY = YES;
				CLANG_WARN_ENUM_CONVERSION = YES;
				CLANG_WARN_INT_CONVERSION = YES;
				CLANG_WARN_OBJC_ROOT_CLASS = YES_ERROR;
				CLANG_WARN_UNREACHABLE_CODE = YES;
				CLANG_WARN__DUPLICATE_METHOD_MATCH = YES;
				"CODE_SIGN_IDENTITY[sdk=iphoneos*]" = "iPhone Developer";
				COPY_PHASE_STRIP = NO;
				ENABLE_STRICT_OBJC_MSGSEND = YES;
				GCC_C_LANGUAGE_STANDARD = gnu99;
				GCC_DYNAMIC_NO_PIC = NO;
				GCC_OPTIMIZATION_LEVEL = 0;
				GCC_PREPROCESSOR_DEFINITIONS = (
					"DEBUG=1",
					"$(inherited)",
				);
				GCC_SYMBOLS_PRIVATE_EXTERN = NO;
				GCC_WARN_64_TO_32_BIT_CONVERSION = YES;
				GCC_WARN_ABOUT_RETURN_TYPE = YES_ERROR;
				GCC_WARN_UNDECLARED_SELECTOR = YES;
				GCC_WARN_UNINITIALIZED_AUTOS = YES_AGGRESSIVE;
				GCC_WARN_UNUSED_FUNCTION = YES;
				GCC_WARN_UNUSED_VARIABLE = YES;
				IPHONEOS_DEPLOYMENT_TARGET = 8.0;
				MTL_ENABLE_DEBUG_INFO = YES;
				ONLY_ACTIVE_ARCH = YES;
				SDKROOT = iphoneos;
				SWIFT_OPTIMIZATION_LEVEL = "-Onone";
				TARGETED_DEVICE_FAMILY = "1,2";
			};
			name = Debug;
		};
		6B019B8E19CABAFA00FAF0DF /* Release */ = {
			isa = XCBuildConfiguration;
			buildSettings = {
				ALWAYS_SEARCH_USER_PATHS = NO;
				CLANG_CXX_LANGUAGE_STANDARD = "gnu++0x";
				CLANG_CXX_LIBRARY = "libc++";
				CLANG_ENABLE_MODULES = YES;
				CLANG_ENABLE_OBJC_ARC = YES;
				CLANG_WARN_BOOL_CONVERSION = YES;
				CLANG_WARN_CONSTANT_CONVERSION = YES;
				CLANG_WARN_DIRECT_OBJC_ISA_USAGE = YES_ERROR;
				CLANG_WARN_EMPTY_BODY = YES;
				CLANG_WARN_ENUM_CONVERSION = YES;
				CLANG_WARN_INT_CONVERSION = YES;
				CLANG_WARN_OBJC_ROOT_CLASS = YES_ERROR;
				CLANG_WARN_UNREACHABLE_CODE = YES;
				CLANG_WARN__DUPLICATE_METHOD_MATCH = YES;
				"CODE_SIGN_IDENTITY[sdk=iphoneos*]" = "iPhone Developer";
				COPY_PHASE_STRIP = YES;
				ENABLE_NS_ASSERTIONS = NO;
				ENABLE_STRICT_OBJC_MSGSEND = YES;
				GCC_C_LANGUAGE_STANDARD = gnu99;
				GCC_WARN_64_TO_32_BIT_CONVERSION = YES;
				GCC_WARN_ABOUT_RETURN_TYPE = YES_ERROR;
				GCC_WARN_UNDECLARED_SELECTOR = YES;
				GCC_WARN_UNINITIALIZED_AUTOS = YES_AGGRESSIVE;
				GCC_WARN_UNUSED_FUNCTION = YES;
				GCC_WARN_UNUSED_VARIABLE = YES;
				IPHONEOS_DEPLOYMENT_TARGET = 8.0;
				MTL_ENABLE_DEBUG_INFO = NO;
				SDKROOT = iphoneos;
				TARGETED_DEVICE_FAMILY = "1,2";
				VALIDATE_PRODUCT = YES;
			};
			name = Release;
		};
		6B019B9019CABAFA00FAF0DF /* Debug */ = {
			isa = XCBuildConfiguration;
			buildSettings = {
				ASSETCATALOG_COMPILER_APPICON_NAME = AppIcon;
				INFOPLIST_FILE = Teslameter/Info.plist;
				LD_RUNPATH_SEARCH_PATHS = "$(inherited) @executable_path/Frameworks";
				PRODUCT_NAME = "$(TARGET_NAME)";
				TARGETED_DEVICE_FAMILY = "1,2";
			};
			name = Debug;
		};
		6B019B9119CABAFA00FAF0DF /* Release */ = {
			isa = XCBuildConfiguration;
			buildSettings = {
				ASSETCATALOG_COMPILER_APPICON_NAME = AppIcon;
				INFOPLIST_FILE = Teslameter/Info.plist;
				LD_RUNPATH_SEARCH_PATHS = "$(inherited) @executable_path/Frameworks";
				PRODUCT_NAME = "$(TARGET_NAME)";
				TARGETED_DEVICE_FAMILY = "1,2";
			};
			name = Release;
		};
		6B019B9319CABAFA00FAF0DF /* Debug */ = {
			isa = XCBuildConfiguration;
			buildSettings = {
				BUNDLE_LOADER = "$(TEST_HOST)";
				FRAMEWORK_SEARCH_PATHS = (
					"$(SDKROOT)/Developer/Library/Frameworks",
					"$(inherited)",
				);
				GCC_PREPROCESSOR_DEFINITIONS = (
					"DEBUG=1",
					"$(inherited)",
				);
				INFOPLIST_FILE = TeslameterTests/Info.plist;
				LD_RUNPATH_SEARCH_PATHS = "$(inherited) @executable_path/Frameworks @loader_path/Frameworks";
				PRODUCT_NAME = "$(TARGET_NAME)";
				TEST_HOST = "$(BUILT_PRODUCTS_DIR)/Teslameter.app/Teslameter";
			};
			name = Debug;
		};
		6B019B9419CABAFA00FAF0DF /* Release */ = {
			isa = XCBuildConfiguration;
			buildSettings = {
				BUNDLE_LOADER = "$(TEST_HOST)";
				FRAMEWORK_SEARCH_PATHS = (
					"$(SDKROOT)/Developer/Library/Frameworks",
					"$(inherited)",
				);
				INFOPLIST_FILE = TeslameterTests/Info.plist;
				LD_RUNPATH_SEARCH_PATHS = "$(inherited) @executable_path/Frameworks @loader_path/Frameworks";
				PRODUCT_NAME = "$(TARGET_NAME)";
				TEST_HOST = "$(BUILT_PRODUCTS_DIR)/Teslameter.app/Teslameter";
			};
			name = Release;
		};
/* End XCBuildConfiguration section */

/* Begin XCConfigurationList section */
		6B019B6B19CABAFA00FAF0DF /* Build configuration list for PBXProject "Teslameter" */ = {
			isa = XCConfigurationList;
			buildConfigurations = (
				6B019B8D19CABAFA00FAF0DF /* Debug */,
				6B019B8E19CABAFA00FAF0DF /* Release */,
			);
			defaultConfigurationIsVisible = 0;
			defaultConfigurationName = Release;
		};
		6B019B8F19CABAFA00FAF0DF /* Build configuration list for PBXNativeTarget "Teslameter" */ = {
			isa = XCConfigurationList;
			buildConfigurations = (
				6B019B9019CABAFA00FAF0DF /* Debug */,
				6B019B9119CABAFA00FAF0DF /* Release */,
			);
			defaultConfigurationIsVisible = 0;
		};
		6B019B9219CABAFA00FAF0DF /* Build configuration list for PBXNativeTarget "TeslameterTests" */ = {
			isa = XCConfigurationList;
			buildConfigurations = (
				6B019B9319CABAFA00FAF0DF /* Debug */,
				6B019B9419CABAFA00FAF0DF /* Release */,
			);
			defaultConfigurationIsVisible = 0;
		};
/* End XCConfigurationList section */
	};
	rootObject = 6B019B6819CABAFA00FAF0DF /* Project object */;
}
