// !$*UTF8*$!
{
	archiveVersion = 1;
	classes = {
	};
	objectVersion = 46;
	objects = {

/* Begin PBXBuildFile section */
		6B381D881B7C3B2C00FC0D29 /* AppDelegate.swift in Sources */ = {isa = PBXBuildFile; fileRef = 6B381D871B7C3B2C00FC0D29 /* AppDelegate.swift */; };
		6B381D8A1B7C3B2C00FC0D29 /* ViewController.swift in Sources */ = {isa = PBXBuildFile; fileRef = 6B381D891B7C3B2C00FC0D29 /* ViewController.swift */; };
		6B381D8D1B7C3B2C00FC0D29 /* Main.storyboard in Resources */ = {isa = PBXBuildFile; fileRef = 6B381D8B1B7C3B2C00FC0D29 /* Main.storyboard */; };
		6B381D901B7C3B2C00FC0D29 /* MotionTracker.xcdatamodeld in Sources */ = {isa = PBXBuildFile; fileRef = 6B381D8E1B7C3B2C00FC0D29 /* MotionTracker.xcdatamodeld */; };
		6B381D921B7C3B2C00FC0D29 /* Assets.xcassets in Resources */ = {isa = PBXBuildFile; fileRef = 6B381D911B7C3B2C00FC0D29 /* Assets.xcassets */; };
		6B381D951B7C3B2C00FC0D29 /* LaunchScreen.storyboard in Resources */ = {isa = PBXBuildFile; fileRef = 6B381D931B7C3B2C00FC0D29 /* LaunchScreen.storyboard */; };
		6B381DA01B7C3B2C00FC0D29 /* MotionTrackerTests.swift in Sources */ = {isa = PBXBuildFile; fileRef = 6B381D9F1B7C3B2C00FC0D29 /* MotionTrackerTests.swift */; };
		6B381DAB1B7C3B2C00FC0D29 /* MotionTrackerUITests.swift in Sources */ = {isa = PBXBuildFile; fileRef = 6B381DAA1B7C3B2C00FC0D29 /* MotionTrackerUITests.swift */; };
/* End PBXBuildFile section */

/* Begin PBXContainerItemProxy section */
		6B381D9C1B7C3B2C00FC0D29 /* PBXContainerItemProxy */ = {
			isa = PBXContainerItemProxy;
			containerPortal = 6B381D7C1B7C3B2C00FC0D29 /* Project object */;
			proxyType = 1;
			remoteGlobalIDString = 6B381D831B7C3B2C00FC0D29;
			remoteInfo = MotionTracker;
		};
		6B381DA71B7C3B2C00FC0D29 /* PBXContainerItemProxy */ = {
			isa = PBXContainerItemProxy;
			containerPortal = 6B381D7C1B7C3B2C00FC0D29 /* Project object */;
			proxyType = 1;
			remoteGlobalIDString = 6B381D831B7C3B2C00FC0D29;
			remoteInfo = MotionTracker;
		};
/* End PBXContainerItemProxy section */

/* Begin PBXFileReference section */
		6B381D841B7C3B2C00FC0D29 /* MotionTracker.app */ = {isa = PBXFileReference; explicitFileType = wrapper.application; includeInIndex = 0; path = MotionTracker.app; sourceTree = BUILT_PRODUCTS_DIR; };
		6B381D871B7C3B2C00FC0D29 /* AppDelegate.swift */ = {isa = PBXFileReference; lastKnownFileType = sourcecode.swift; path = AppDelegate.swift; sourceTree = "<group>"; };
		6B381D891B7C3B2C00FC0D29 /* ViewController.swift */ = {isa = PBXFileReference; lastKnownFileType = sourcecode.swift; path = ViewController.swift; sourceTree = "<group>"; };
		6B381D8C1B7C3B2C00FC0D29 /* Base */ = {isa = PBXFileReference; lastKnownFileType = file.storyboard; name = Base; path = Base.lproj/Main.storyboard; sourceTree = "<group>"; };
		6B381D8F1B7C3B2C00FC0D29 /* MotionTracker.xcdatamodel */ = {isa = PBXFileReference; lastKnownFileType = wrapper.xcdatamodel; path = MotionTracker.xcdatamodel; sourceTree = "<group>"; };
		6B381D911B7C3B2C00FC0D29 /* Assets.xcassets */ = {isa = PBXFileReference; lastKnownFileType = folder.assetcatalog; path = Assets.xcassets; sourceTree = "<group>"; };
		6B381D941B7C3B2C00FC0D29 /* Base */ = {isa = PBXFileReference; lastKnownFileType = file.storyboard; name = Base; path = Base.lproj/LaunchScreen.storyboard; sourceTree = "<group>"; };
		6B381D961B7C3B2C00FC0D29 /* Info.plist */ = {isa = PBXFileReference; lastKnownFileType = text.plist.xml; path = Info.plist; sourceTree = "<group>"; };
		6B381D9B1B7C3B2C00FC0D29 /* MotionTrackerTests.xctest */ = {isa = PBXFileReference; explicitFileType = wrapper.cfbundle; includeInIndex = 0; path = MotionTrackerTests.xctest; sourceTree = BUILT_PRODUCTS_DIR; };
		6B381D9F1B7C3B2C00FC0D29 /* MotionTrackerTests.swift */ = {isa = PBXFileReference; lastKnownFileType = sourcecode.swift; path = MotionTrackerTests.swift; sourceTree = "<group>"; };
		6B381DA11B7C3B2C00FC0D29 /* Info.plist */ = {isa = PBXFileReference; lastKnownFileType = text.plist.xml; path = Info.plist; sourceTree = "<group>"; };
		6B381DA61B7C3B2C00FC0D29 /* MotionTrackerUITests.xctest */ = {isa = PBXFileReference; explicitFileType = wrapper.cfbundle; includeInIndex = 0; path = MotionTrackerUITests.xctest; sourceTree = BUILT_PRODUCTS_DIR; };
		6B381DAA1B7C3B2C00FC0D29 /* MotionTrackerUITests.swift */ = {isa = PBXFileReference; lastKnownFileType = sourcecode.swift; path = MotionTrackerUITests.swift; sourceTree = "<group>"; };
		6B381DAC1B7C3B2C00FC0D29 /* Info.plist */ = {isa = PBXFileReference; lastKnownFileType = text.plist.xml; path = Info.plist; sourceTree = "<group>"; };
/* End PBXFileReference section */

/* Begin PBXFrameworksBuildPhase section */
		6B381D811B7C3B2C00FC0D29 /* Frameworks */ = {
			isa = PBXFrameworksBuildPhase;
			buildActionMask = 2147483647;
			files = (
			);
			runOnlyForDeploymentPostprocessing = 0;
		};
		6B381D981B7C3B2C00FC0D29 /* Frameworks */ = {
			isa = PBXFrameworksBuildPhase;
			buildActionMask = 2147483647;
			files = (
			);
			runOnlyForDeploymentPostprocessing = 0;
		};
		6B381DA31B7C3B2C00FC0D29 /* Frameworks */ = {
			isa = PBXFrameworksBuildPhase;
			buildActionMask = 2147483647;
			files = (
			);
			runOnlyForDeploymentPostprocessing = 0;
		};
/* End PBXFrameworksBuildPhase section */

/* Begin PBXGroup section */
		6B381D7B1B7C3B2C00FC0D29 = {
			isa = PBXGroup;
			children = (
				6B381D861B7C3B2C00FC0D29 /* MotionTracker */,
				6B381D9E1B7C3B2C00FC0D29 /* MotionTrackerTests */,
				6B381DA91B7C3B2C00FC0D29 /* MotionTrackerUITests */,
				6B381D851B7C3B2C00FC0D29 /* Products */,
			);
			sourceTree = "<group>";
		};
		6B381D851B7C3B2C00FC0D29 /* Products */ = {
			isa = PBXGroup;
			children = (
				6B381D841B7C3B2C00FC0D29 /* MotionTracker.app */,
				6B381D9B1B7C3B2C00FC0D29 /* MotionTrackerTests.xctest */,
				6B381DA61B7C3B2C00FC0D29 /* MotionTrackerUITests.xctest */,
			);
			name = Products;
			sourceTree = "<group>";
		};
		6B381D861B7C3B2C00FC0D29 /* MotionTracker */ = {
			isa = PBXGroup;
			children = (
				6B381D871B7C3B2C00FC0D29 /* AppDelegate.swift */,
				6B381D891B7C3B2C00FC0D29 /* ViewController.swift */,
				6B381D8B1B7C3B2C00FC0D29 /* Main.storyboard */,
				6B381D911B7C3B2C00FC0D29 /* Assets.xcassets */,
				6B381D931B7C3B2C00FC0D29 /* LaunchScreen.storyboard */,
				6B381D961B7C3B2C00FC0D29 /* Info.plist */,
				6B381D8E1B7C3B2C00FC0D29 /* MotionTracker.xcdatamodeld */,
			);
			path = MotionTracker;
			sourceTree = "<group>";
		};
		6B381D9E1B7C3B2C00FC0D29 /* MotionTrackerTests */ = {
			isa = PBXGroup;
			children = (
				6B381D9F1B7C3B2C00FC0D29 /* MotionTrackerTests.swift */,
				6B381DA11B7C3B2C00FC0D29 /* Info.plist */,
			);
			path = MotionTrackerTests;
			sourceTree = "<group>";
		};
		6B381DA91B7C3B2C00FC0D29 /* MotionTrackerUITests */ = {
			isa = PBXGroup;
			children = (
				6B381DAA1B7C3B2C00FC0D29 /* MotionTrackerUITests.swift */,
				6B381DAC1B7C3B2C00FC0D29 /* Info.plist */,
			);
			path = MotionTrackerUITests;
			sourceTree = "<group>";
		};
/* End PBXGroup section */

/* Begin PBXNativeTarget section */
		6B381D831B7C3B2C00FC0D29 /* MotionTracker */ = {
			isa = PBXNativeTarget;
			buildConfigurationList = 6B381DAF1B7C3B2C00FC0D29 /* Build configuration list for PBXNativeTarget "MotionTracker" */;
			buildPhases = (
				6B381D801B7C3B2C00FC0D29 /* Sources */,
				6B381D811B7C3B2C00FC0D29 /* Frameworks */,
				6B381D821B7C3B2C00FC0D29 /* Resources */,
			);
			buildRules = (
			);
			dependencies = (
			);
			name = MotionTracker;
			productName = MotionTracker;
			productReference = 6B381D841B7C3B2C00FC0D29 /* MotionTracker.app */;
			productType = "com.apple.product-type.application";
		};
		6B381D9A1B7C3B2C00FC0D29 /* MotionTrackerTests */ = {
			isa = PBXNativeTarget;
			buildConfigurationList = 6B381DB21B7C3B2C00FC0D29 /* Build configuration list for PBXNativeTarget "MotionTrackerTests" */;
			buildPhases = (
				6B381D971B7C3B2C00FC0D29 /* Sources */,
				6B381D981B7C3B2C00FC0D29 /* Frameworks */,
				6B381D991B7C3B2C00FC0D29 /* Resources */,
			);
			buildRules = (
			);
			dependencies = (
				6B381D9D1B7C3B2C00FC0D29 /* PBXTargetDependency */,
			);
			name = MotionTrackerTests;
			productName = MotionTrackerTests;
			productReference = 6B381D9B1B7C3B2C00FC0D29 /* MotionTrackerTests.xctest */;
			productType = "com.apple.product-type.bundle.unit-test";
		};
		6B381DA51B7C3B2C00FC0D29 /* MotionTrackerUITests */ = {
			isa = PBXNativeTarget;
			buildConfigurationList = 6B381DB51B7C3B2C00FC0D29 /* Build configuration list for PBXNativeTarget "MotionTrackerUITests" */;
			buildPhases = (
				6B381DA21B7C3B2C00FC0D29 /* Sources */,
				6B381DA31B7C3B2C00FC0D29 /* Frameworks */,
				6B381DA41B7C3B2C00FC0D29 /* Resources */,
			);
			buildRules = (
			);
			dependencies = (
				6B381DA81B7C3B2C00FC0D29 /* PBXTargetDependency */,
			);
			name = MotionTrackerUITests;
			productName = MotionTrackerUITests;
			productReference = 6B381DA61B7C3B2C00FC0D29 /* MotionTrackerUITests.xctest */;
			productType = "com.apple.product-type.bundle.ui-testing";
		};
/* End PBXNativeTarget section */

/* Begin PBXProject section */
		6B381D7C1B7C3B2C00FC0D29 /* Project object */ = {
			isa = PBXProject;
			attributes = {
				LastUpgradeCheck = 0700;
				ORGANIZATIONNAME = larryhou;
				TargetAttributes = {
					6B381D831B7C3B2C00FC0D29 = {
						CreatedOnToolsVersion = 7.0;
					};
					6B381D9A1B7C3B2C00FC0D29 = {
						CreatedOnToolsVersion = 7.0;
						TestTargetID = 6B381D831B7C3B2C00FC0D29;
					};
					6B381DA51B7C3B2C00FC0D29 = {
						CreatedOnToolsVersion = 7.0;
						TestTargetID = 6B381D831B7C3B2C00FC0D29;
					};
				};
			};
			buildConfigurationList = 6B381D7F1B7C3B2C00FC0D29 /* Build configuration list for PBXProject "MotionTracker" */;
			compatibilityVersion = "Xcode 3.2";
			developmentRegion = English;
			hasScannedForEncodings = 0;
			knownRegions = (
				en,
				Base,
			);
			mainGroup = 6B381D7B1B7C3B2C00FC0D29;
			productRefGroup = 6B381D851B7C3B2C00FC0D29 /* Products */;
			projectDirPath = "";
			projectRoot = "";
			targets = (
				6B381D831B7C3B2C00FC0D29 /* MotionTracker */,
				6B381D9A1B7C3B2C00FC0D29 /* MotionTrackerTests */,
				6B381DA51B7C3B2C00FC0D29 /* MotionTrackerUITests */,
			);
		};
/* End PBXProject section */

/* Begin PBXResourcesBuildPhase section */
		6B381D821B7C3B2C00FC0D29 /* Resources */ = {
			isa = PBXResourcesBuildPhase;
			buildActionMask = 2147483647;
			files = (
				6B381D951B7C3B2C00FC0D29 /* LaunchScreen.storyboard in Resources */,
				6B381D921B7C3B2C00FC0D29 /* Assets.xcassets in Resources */,
				6B381D8D1B7C3B2C00FC0D29 /* Main.storyboard in Resources */,
			);
			runOnlyForDeploymentPostprocessing = 0;
		};
		6B381D991B7C3B2C00FC0D29 /* Resources */ = {
			isa = PBXResourcesBuildPhase;
			buildActionMask = 2147483647;
			files = (
			);
			runOnlyForDeploymentPostprocessing = 0;
		};
		6B381DA41B7C3B2C00FC0D29 /* Resources */ = {
			isa = PBXResourcesBuildPhase;
			buildActionMask = 2147483647;
			files = (
			);
			runOnlyForDeploymentPostprocessing = 0;
		};
/* End PBXResourcesBuildPhase section */

/* Begin PBXSourcesBuildPhase section */
		6B381D801B7C3B2C00FC0D29 /* Sources */ = {
			isa = PBXSourcesBuildPhase;
			buildActionMask = 2147483647;
			files = (
				6B381D8A1B7C3B2C00FC0D29 /* ViewController.swift in Sources */,
				6B381D901B7C3B2C00FC0D29 /* MotionTracker.xcdatamodeld in Sources */,
				6B381D881B7C3B2C00FC0D29 /* AppDelegate.swift in Sources */,
			);
			runOnlyForDeploymentPostprocessing = 0;
		};
		6B381D971B7C3B2C00FC0D29 /* Sources */ = {
			isa = PBXSourcesBuildPhase;
			buildActionMask = 2147483647;
			files = (
				6B381DA01B7C3B2C00FC0D29 /* MotionTrackerTests.swift in Sources */,
			);
			runOnlyForDeploymentPostprocessing = 0;
		};
		6B381DA21B7C3B2C00FC0D29 /* Sources */ = {
			isa = PBXSourcesBuildPhase;
			buildActionMask = 2147483647;
			files = (
				6B381DAB1B7C3B2C00FC0D29 /* MotionTrackerUITests.swift in Sources */,
			);
			runOnlyForDeploymentPostprocessing = 0;
		};
/* End PBXSourcesBuildPhase section */

/* Begin PBXTargetDependency section */
		6B381D9D1B7C3B2C00FC0D29 /* PBXTargetDependency */ = {
			isa = PBXTargetDependency;
			target = 6B381D831B7C3B2C00FC0D29 /* MotionTracker */;
			targetProxy = 6B381D9C1B7C3B2C00FC0D29 /* PBXContainerItemProxy */;
		};
		6B381DA81B7C3B2C00FC0D29 /* PBXTargetDependency */ = {
			isa = PBXTargetDependency;
			target = 6B381D831B7C3B2C00FC0D29 /* MotionTracker */;
			targetProxy = 6B381DA71B7C3B2C00FC0D29 /* PBXContainerItemProxy */;
		};
/* End PBXTargetDependency section */

/* Begin PBXVariantGroup section */
		6B381D8B1B7C3B2C00FC0D29 /* Main.storyboard */ = {
			isa = PBXVariantGroup;
			children = (
				6B381D8C1B7C3B2C00FC0D29 /* Base */,
			);
			name = Main.storyboard;
			sourceTree = "<group>";
		};
		6B381D931B7C3B2C00FC0D29 /* LaunchScreen.storyboard */ = {
			isa = PBXVariantGroup;
			children = (
				6B381D941B7C3B2C00FC0D29 /* Base */,
			);
			name = LaunchScreen.storyboard;
			sourceTree = "<group>";
		};
/* End PBXVariantGroup section */

/* Begin XCBuildConfiguration section */
		6B381DAD1B7C3B2C00FC0D29 /* Debug */ = {
			isa = XCBuildConfiguration;
			buildSettings = {
				ALWAYS_SEARCH_USER_PATHS = NO;
				CLANG_CXX_LANGUAGE_STANDARD = "gnu++0x";
				CLANG_CXX_LIBRARY = "libc++";
				CLANG_ENABLE_MODULES = YES;
				CLANG_ENABLE_OBJC_ARC = YES;
				CLANG_WARN_BOOL_CONVERSION = YES;
				CLANG_WARN_CONSTANT_CONVERSION = YES;
				CLANG_WARN_DIRECT_OBJC_ISA_USAGE = YES_ERROR;
				CLANG_WARN_EMPTY_BODY = YES;
				CLANG_WARN_ENUM_CONVERSION = YES;
				CLANG_WARN_INT_CONVERSION = YES;
				CLANG_WARN_OBJC_ROOT_CLASS = YES_ERROR;
				CLANG_WARN_UNREACHABLE_CODE = YES;
				CLANG_WARN__DUPLICATE_METHOD_MATCH = YES;
				"CODE_SIGN_IDENTITY[sdk=iphoneos*]" = "iPhone Developer";
				COPY_PHASE_STRIP = NO;
				DEBUG_INFORMATION_FORMAT = dwarf;
				ENABLE_STRICT_OBJC_MSGSEND = YES;
				ENABLE_TESTABILITY = YES;
				GCC_C_LANGUAGE_STANDARD = gnu99;
				GCC_DYNAMIC_NO_PIC = NO;
				GCC_NO_COMMON_BLOCKS = YES;
				GCC_OPTIMIZATION_LEVEL = 0;
				GCC_PREPROCESSOR_DEFINITIONS = (
					"DEBUG=1",
					"$(inherited)",
				);
				GCC_WARN_64_TO_32_BIT_CONVERSION = YES;
				GCC_WARN_ABOUT_RETURN_TYPE = YES_ERROR;
				GCC_WARN_UNDECLARED_SELECTOR = YES;
				GCC_WARN_UNINITIALIZED_AUTOS = YES_AGGRESSIVE;
				GCC_WARN_UNUSED_FUNCTION = YES;
				GCC_WARN_UNUSED_VARIABLE = YES;
				IPHONEOS_DEPLOYMENT_TARGET = 9.0;
				MTL_ENABLE_DEBUG_INFO = YES;
				ONLY_ACTIVE_ARCH = YES;
				SDKROOT = iphoneos;
				SWIFT_OPTIMIZATION_LEVEL = "-Onone";
				TARGETED_DEVICE_FAMILY = "1,2";
			};
			name = Debug;
		};
		6B381DAE1B7C3B2C00FC0D29 /* Release */ = {
			isa = XCBuildConfiguration;
			buildSettings = {
				ALWAYS_SEARCH_USER_PATHS = NO;
				CLANG_CXX_LANGUAGE_STANDARD = "gnu++0x";
				CLANG_CXX_LIBRARY = "libc++";
				CLANG_ENABLE_MODULES = YES;
				CLANG_ENABLE_OBJC_ARC = YES;
				CLANG_WARN_BOOL_CONVERSION = YES;
				CLANG_WARN_CONSTANT_CONVERSION = YES;
				CLANG_WARN_DIRECT_OBJC_ISA_USAGE = YES_ERROR;
				CLANG_WARN_EMPTY_BODY = YES;
				CLANG_WARN_ENUM_CONVERSION = YES;
				CLANG_WARN_INT_CONVERSION = YES;
				CLANG_WARN_OBJC_ROOT_CLASS = YES_ERROR;
				CLANG_WARN_UNREACHABLE_CODE = YES;
				CLANG_WARN__DUPLICATE_METHOD_MATCH = YES;
				"CODE_SIGN_IDENTITY[sdk=iphoneos*]" = "iPhone Developer";
				COPY_PHASE_STRIP = NO;
				DEBUG_INFORMATION_FORMAT = "dwarf-with-dsym";
				ENABLE_NS_ASSERTIONS = NO;
				ENABLE_STRICT_OBJC_MSGSEND = YES;
				GCC_C_LANGUAGE_STANDARD = gnu99;
				GCC_NO_COMMON_BLOCKS = YES;
				GCC_WARN_64_TO_32_BIT_CONVERSION = YES;
				GCC_WARN_ABOUT_RETURN_TYPE = YES_ERROR;
				GCC_WARN_UNDECLARED_SELECTOR = YES;
				GCC_WARN_UNINITIALIZED_AUTOS = YES_AGGRESSIVE;
				GCC_WARN_UNUSED_FUNCTION = YES;
				GCC_WARN_UNUSED_VARIABLE = YES;
				IPHONEOS_DEPLOYMENT_TARGET = 9.0;
				MTL_ENABLE_DEBUG_INFO = NO;
				SDKROOT = iphoneos;
				TARGETED_DEVICE_FAMILY = "1,2";
				VALIDATE_PRODUCT = YES;
			};
			name = Release;
		};
		6B381DB01B7C3B2C00FC0D29 /* Debug */ = {
			isa = XCBuildConfiguration;
			buildSettings = {
				ASSETCATALOG_COMPILER_APPICON_NAME = AppIcon;
				INFOPLIST_FILE = MotionTracker/Info.plist;
				LD_RUNPATH_SEARCH_PATHS = "$(inherited) @executable_path/Frameworks";
				PRODUCT_BUNDLE_IDENTIFIER = com.larryhou.samples.MotionTracker;
				PRODUCT_NAME = "$(TARGET_NAME)";
			};
			name = Debug;
		};
		6B381DB11B7C3B2C00FC0D29 /* Release */ = {
			isa = XCBuildConfiguration;
			buildSettings = {
				ASSETCATALOG_COMPILER_APPICON_NAME = AppIcon;
				INFOPLIST_FILE = MotionTracker/Info.plist;
				LD_RUNPATH_SEARCH_PATHS = "$(inherited) @executable_path/Frameworks";
				PRODUCT_BUNDLE_IDENTIFIER = com.larryhou.samples.MotionTracker;
				PRODUCT_NAME = "$(TARGET_NAME)";
			};
			name = Release;
		};
		6B381DB31B7C3B2C00FC0D29 /* Debug */ = {
			isa = XCBuildConfiguration;
			buildSettings = {
				BUNDLE_LOADER = "$(TEST_HOST)";
				INFOPLIST_FILE = MotionTrackerTests/Info.plist;
				LD_RUNPATH_SEARCH_PATHS = "$(inherited) @executable_path/Frameworks @loader_path/Frameworks";
				PRODUCT_BUNDLE_IDENTIFIER = com.larryhou.samples.MotionTrackerTests;
				PRODUCT_NAME = "$(TARGET_NAME)";
				TEST_HOST = "$(BUILT_PRODUCTS_DIR)/MotionTracker.app/MotionTracker";
			};
			name = Debug;
		};
		6B381DB41B7C3B2C00FC0D29 /* Release */ = {
			isa = XCBuildConfiguration;
			buildSettings = {
				BUNDLE_LOADER = "$(TEST_HOST)";
				INFOPLIST_FILE = MotionTrackerTests/Info.plist;
				LD_RUNPATH_SEARCH_PATHS = "$(inherited) @executable_path/Frameworks @loader_path/Frameworks";
				PRODUCT_BUNDLE_IDENTIFIER = com.larryhou.samples.MotionTrackerTests;
				PRODUCT_NAME = "$(TARGET_NAME)";
				TEST_HOST = "$(BUILT_PRODUCTS_DIR)/MotionTracker.app/MotionTracker";
			};
			name = Release;
		};
		6B381DB61B7C3B2C00FC0D29 /* Debug */ = {
			isa = XCBuildConfiguration;
			buildSettings = {
				INFOPLIST_FILE = MotionTrackerUITests/Info.plist;
				LD_RUNPATH_SEARCH_PATHS = "$(inherited) @executable_path/Frameworks @loader_path/Frameworks";
				PRODUCT_BUNDLE_IDENTIFIER = com.larryhou.samples.MotionTrackerUITests;
				PRODUCT_NAME = "$(TARGET_NAME)";
				TEST_TARGET_NAME = MotionTracker;
				USES_XCTRUNNER = YES;
			};
			name = Debug;
		};
		6B381DB71B7C3B2C00FC0D29 /* Release */ = {
			isa = XCBuildConfiguration;
			buildSettings = {
				INFOPLIST_FILE = MotionTrackerUITests/Info.plist;
				LD_RUNPATH_SEARCH_PATHS = "$(inherited) @executable_path/Frameworks @loader_path/Frameworks";
				PRODUCT_BUNDLE_IDENTIFIER = com.larryhou.samples.MotionTrackerUITests;
				PRODUCT_NAME = "$(TARGET_NAME)";
				TEST_TARGET_NAME = MotionTracker;
				USES_XCTRUNNER = YES;
			};
			name = Release;
		};
/* End XCBuildConfiguration section */

/* Begin XCConfigurationList section */
		6B381D7F1B7C3B2C00FC0D29 /* Build configuration list for PBXProject "MotionTracker" */ = {
			isa = XCConfigurationList;
			buildConfigurations = (
				6B381DAD1B7C3B2C00FC0D29 /* Debug */,
				6B381DAE1B7C3B2C00FC0D29 /* Release */,
			);
			defaultConfigurationIsVisible = 0;
			defaultConfigurationName = Release;
		};
		6B381DAF1B7C3B2C00FC0D29 /* Build configuration list for PBXNativeTarget "MotionTracker" */ = {
			isa = XCConfigurationList;
			buildConfigurations = (
				6B381DB01B7C3B2C00FC0D29 /* Debug */,
				6B381DB11B7C3B2C00FC0D29 /* Release */,
			);
			defaultConfigurationIsVisible = 0;
			defaultConfigurationName = Release;
		};
		6B381DB21B7C3B2C00FC0D29 /* Build configuration list for PBXNativeTarget "MotionTrackerTests" */ = {
			isa = XCConfigurationList;
			buildConfigurations = (
				6B381DB31B7C3B2C00FC0D29 /* Debug */,
				6B381DB41B7C3B2C00FC0D29 /* Release */,
			);
			defaultConfigurationIsVisible = 0;
			defaultConfigurationName = Release;
		};
		6B381DB51B7C3B2C00FC0D29 /* Build configuration list for PBXNativeTarget "MotionTrackerUITests" */ = {
			isa = XCConfigurationList;
			buildConfigurations = (
				6B381DB61B7C3B2C00FC0D29 /* Debug */,
				6B381DB71B7C3B2C00FC0D29 /* Release */,
			);
			defaultConfigurationIsVisible = 0;
			defaultConfigurationName = Release;
		};
/* End XCConfigurationList section */

/* Begin XCVersionGroup section */
		6B381D8E1B7C3B2C00FC0D29 /* MotionTracker.xcdatamodeld */ = {
			isa = XCVersionGroup;
			children = (
				6B381D8F1B7C3B2C00FC0D29 /* MotionTracker.xcdatamodel */,
			);
			currentVersion = 6B381D8F1B7C3B2C00FC0D29 /* MotionTracker.xcdatamodel */;
			path = MotionTracker.xcdatamodeld;
			sourceTree = "<group>";
			versionGroupType = wrapper.xcdatamodel;
		};
/* End XCVersionGroup section */
	};
	rootObject = 6B381D7C1B7C3B2C00FC0D29 /* Project object */;
}
